// !$*UTF8*$!
{
	archiveVersion = 1;
	classes = {
	};
	objectVersion = 46;
	objects = {

/* Begin PBXBuildFile section */
		0C0077941AF0B6A60019CC10 /* SerializeStub.cpp in Sources */ = {isa = PBXBuildFile; fileRef = 0C0077911AF0B6A60019CC10 /* SerializeStub.cpp */; };
		0C02FAC41ACC294D0052884B /* GLES2DebugDraw.cpp in Sources */ = {isa = PBXBuildFile; fileRef = 0C02FAC21ACC294D0052884B /* GLES2DebugDraw.cpp */; };
		0C1D9E0A1AE9AFF50085251F /* BasicShare.cpp in Sources */ = {isa = PBXBuildFile; fileRef = 0C1D9E081AE9AFF50085251F /* BasicShare.cpp */; };
		0C1D9E121AE9B0070085251F /* BasicShareiOS.mm in Sources */ = {isa = PBXBuildFile; fileRef = 0C1D9E101AE9B0070085251F /* BasicShareiOS.mm */; };
		0C27449C1ACF214A00D1C4A7 /* ChartBoostAdsiOS.mm in Sources */ = {isa = PBXBuildFile; fileRef = 0C27449A1ACF214A00D1C4A7 /* ChartBoostAdsiOS.mm */; };
		0C2758521AB40DEF00F18283 /* libFEngine.a in Frameworks */ = {isa = PBXBuildFile; fileRef = 0C2758461AB40DEE00F18283 /* libFEngine.a */; };
		0C275A001AB4123900F18283 /* libvorbis.a in Frameworks */ = {isa = PBXBuildFile; fileRef = 0C2758E61AB410D400F18283 /* libvorbis.a */; };
		0C275A011AB4123D00F18283 /* libpng.a in Frameworks */ = {isa = PBXBuildFile; fileRef = 0C27588E1AB410B600F18283 /* libpng.a */; };
		0C275A021AB4123F00F18283 /* libtinyxml2.a in Frameworks */ = {isa = PBXBuildFile; fileRef = 0C27593E1AB410F100F18283 /* libtinyxml2.a */; };
		0C275A471AB4128800F18283 /* libPennerEasing.a in Frameworks */ = {isa = PBXBuildFile; fileRef = 0C275A2C1AB4125900F18283 /* libPennerEasing.a */; };
		0C275A4A1AB4140900F18283 /* OpenGLES.framework in Frameworks */ = {isa = PBXBuildFile; fileRef = 0C275A491AB4140900F18283 /* OpenGLES.framework */; };
		0C275A4C1AB4141000F18283 /* OpenAL.framework in Frameworks */ = {isa = PBXBuildFile; fileRef = 0C275A4B1AB4141000F18283 /* OpenAL.framework */; };
		0C2F3E831AC6DA8600D66B2C /* SimpleVertex2DProgram.cpp in Sources */ = {isa = PBXBuildFile; fileRef = 0C2F3E811AC6DA8600D66B2C /* SimpleVertex2DProgram.cpp */; };
		0C2F3E861AC6F46300D66B2C /* DebugBoxNode2D.cpp in Sources */ = {isa = PBXBuildFile; fileRef = 0C2F3E841AC6F46300D66B2C /* DebugBoxNode2D.cpp */; };
		0C2F3E891AC6F47400D66B2C /* DebugCircleNode2D.cpp in Sources */ = {isa = PBXBuildFile; fileRef = 0C2F3E871AC6F47400D66B2C /* DebugCircleNode2D.cpp */; };
		0C2F3F851AC70B9B00D66B2C /* libBox2D.a in Frameworks */ = {isa = PBXBuildFile; fileRef = 0C2F3EEE1AC70B4E00D66B2C /* libBox2D.a */; };
		0C2F3F881AC71FDB00D66B2C /* PhysicsFactory.cpp in Sources */ = {isa = PBXBuildFile; fileRef = 0C2F3F861AC71FDB00D66B2C /* PhysicsFactory.cpp */; };
		0C2F3F981AC72B3200D66B2C /* PhysicsManager.cpp in Sources */ = {isa = PBXBuildFile; fileRef = 0C2F3F961AC72B3200D66B2C /* PhysicsManager.cpp */; };
		0C322CF41ADBFAE6000C857F /* Camera.cpp in Sources */ = {isa = PBXBuildFile; fileRef = 0C322CF21ADBFAE6000C857F /* Camera.cpp */; };
		0C322CFD1ADBFCE3000C857F /* Log.cpp in Sources */ = {isa = PBXBuildFile; fileRef = 0C322CFC1ADBFCE3000C857F /* Log.cpp */; };
		0C322D001ADBFE35000C857F /* LogDefault.cpp in Sources */ = {isa = PBXBuildFile; fileRef = 0C322CFE1ADBFE35000C857F /* LogDefault.cpp */; };
		0C3F260D1ABD078F002DCB5A /* Texture.cpp in Sources */ = {isa = PBXBuildFile; fileRef = 0C3F26091ABD078F002DCB5A /* Texture.cpp */; };
		0C3F260E1ABD078F002DCB5A /* TextureAtlas.cpp in Sources */ = {isa = PBXBuildFile; fileRef = 0C3F260B1ABD078F002DCB5A /* TextureAtlas.cpp */; };
		0C3F26161ABD1ACD002DCB5A /* TextureAtlasFactory.cpp in Sources */ = {isa = PBXBuildFile; fileRef = 0C3F26141ABD1ACD002DCB5A /* TextureAtlasFactory.cpp */; };
		0C3F26191ABD1ADC002DCB5A /* ProgramFactory.cpp in Sources */ = {isa = PBXBuildFile; fileRef = 0C3F26171ABD1ADC002DCB5A /* ProgramFactory.cpp */; };
		0C3F261C1ABD1AEF002DCB5A /* SpriteNodeFactory.cpp in Sources */ = {isa = PBXBuildFile; fileRef = 0C3F261A1ABD1AEF002DCB5A /* SpriteNodeFactory.cpp */; };
		0C3F261F1ABD82A4002DCB5A /* Math.cpp in Sources */ = {isa = PBXBuildFile; fileRef = 0C3F261E1ABD82A4002DCB5A /* Math.cpp */; };
		0C5549031AE1477600CEB957 /* Facebook.cpp in Sources */ = {isa = PBXBuildFile; fileRef = 0C5549011AE1477600CEB957 /* Facebook.cpp */; };
		0C5549061AE1478800CEB957 /* FacebookiOS.mm in Sources */ = {isa = PBXBuildFile; fileRef = 0C5549041AE1478800CEB957 /* FacebookiOS.mm */; };
		0C55490D1AE148AE00CEB957 /* FBSDKCoreKit.framework in Frameworks */ = {isa = PBXBuildFile; fileRef = 0C55490A1AE148AE00CEB957 /* FBSDKCoreKit.framework */; };
		0C55490E1AE148AE00CEB957 /* FBSDKLoginKit.framework in Frameworks */ = {isa = PBXBuildFile; fileRef = 0C55490B1AE148AE00CEB957 /* FBSDKLoginKit.framework */; };
		0C55490F1AE148AE00CEB957 /* FBSDKShareKit.framework in Frameworks */ = {isa = PBXBuildFile; fileRef = 0C55490C1AE148AE00CEB957 /* FBSDKShareKit.framework */; };
		0C5549121AE14FDE00CEB957 /* FacebookStub.cpp in Sources */ = {isa = PBXBuildFile; fileRef = 0C5549101AE14FDE00CEB957 /* FacebookStub.cpp */; };
		0C68A7AE1ACA669E0087A197 /* MemoryManager.cpp in Sources */ = {isa = PBXBuildFile; fileRef = 0C68A7AC1ACA669E0087A197 /* MemoryManager.cpp */; };
		0C68A7B11ACA66D70087A197 /* ActorPool.cpp in Sources */ = {isa = PBXBuildFile; fileRef = 0C68A7AF1ACA66D70087A197 /* ActorPool.cpp */; };
		0C7951661AB85EF80010DA81 /* DefaultProcesses.cpp in Sources */ = {isa = PBXBuildFile; fileRef = 0C7951441AB85EF80010DA81 /* DefaultProcesses.cpp */; };
		0C7951671AB85EF80010DA81 /* Process.cpp in Sources */ = {isa = PBXBuildFile; fileRef = 0C7951461AB85EF80010DA81 /* Process.cpp */; };
		0C7951681AB85EF80010DA81 /* ProcessScheduler.cpp in Sources */ = {isa = PBXBuildFile; fileRef = 0C7951481AB85EF80010DA81 /* ProcessScheduler.cpp */; };
		0C79516A1AB85EF80010DA81 /* IOManagerDefault.cpp in Sources */ = {isa = PBXBuildFile; fileRef = 0C79514F1AB85EF80010DA81 /* IOManagerDefault.cpp */; };
		0C79516E1AB85EF80010DA81 /* State.cpp in Sources */ = {isa = PBXBuildFile; fileRef = 0C7951591AB85EF80010DA81 /* State.cpp */; };
		0C79516F1AB85EF80010DA81 /* StateManager.cpp in Sources */ = {isa = PBXBuildFile; fileRef = 0C79515B1AB85EF80010DA81 /* StateManager.cpp */; };
		0C7951701AB85EF80010DA81 /* App.cpp in Sources */ = {isa = PBXBuildFile; fileRef = 0C79515E1AB85EF80010DA81 /* App.cpp */; };
		0C7951711AB85EF80010DA81 /* SystemConfig.cpp in Sources */ = {isa = PBXBuildFile; fileRef = 0C7951601AB85EF80010DA81 /* SystemConfig.cpp */; };
		0C7951721AB85EF80010DA81 /* SmartPtr.cpp in Sources */ = {isa = PBXBuildFile; fileRef = 0C7951641AB85EF80010DA81 /* SmartPtr.cpp */; };
		0C7951901AB8A4DE0010DA81 /* Event.cpp in Sources */ = {isa = PBXBuildFile; fileRef = 0C79518E1AB8A4DE0010DA81 /* Event.cpp */; };
		0C7951931AB8A4F10010DA81 /* EventDispatcher.cpp in Sources */ = {isa = PBXBuildFile; fileRef = 0C7951911AB8A4F10010DA81 /* EventDispatcher.cpp */; };
		0C7951961AB8A5020010DA81 /* DefaultEvents.cpp in Sources */ = {isa = PBXBuildFile; fileRef = 0C7951941AB8A5020010DA81 /* DefaultEvents.cpp */; };
		0C86852B1ADD9AD7009CA2AC /* String.cpp in Sources */ = {isa = PBXBuildFile; fileRef = 0C8685291ADD9AD7009CA2AC /* String.cpp */; };
		0C8C24DB1ABBF60C00C77AAF /* RootSceneNode2D.cpp in Sources */ = {isa = PBXBuildFile; fileRef = 0C8C24D91ABBF60C00C77AAF /* RootSceneNode2D.cpp */; };
		0C8C24E21ABBF61A00C77AAF /* SceneNode2D.cpp in Sources */ = {isa = PBXBuildFile; fileRef = 0C8C24E01ABBF61A00C77AAF /* SceneNode2D.cpp */; };
		0C8C24E51ABC715900C77AAF /* SpriteNode.cpp in Sources */ = {isa = PBXBuildFile; fileRef = 0C8C24E31ABC715900C77AAF /* SpriteNode.cpp */; };
		0C8C24F31ABC74FD00C77AAF /* SceneNodeProperties2D.cpp in Sources */ = {isa = PBXBuildFile; fileRef = 0C8C24F11ABC74FD00C77AAF /* SceneNodeProperties2D.cpp */; };
		0C8C24F61ABC994200C77AAF /* ResourceCache.cpp in Sources */ = {isa = PBXBuildFile; fileRef = 0C8C24F41ABC994200C77AAF /* ResourceCache.cpp */; };
		0C8C24FE1ABC9AC100C77AAF /* Program.cpp in Sources */ = {isa = PBXBuildFile; fileRef = 0C8C24FA1ABC9AC100C77AAF /* Program.cpp */; };
		0C8C24FF1ABC9AC100C77AAF /* TexturedVertexProgram.cpp in Sources */ = {isa = PBXBuildFile; fileRef = 0C8C24FC1ABC9AC100C77AAF /* TexturedVertexProgram.cpp */; };
		0C9EABF21AD576AF00A40098 /* SoundManager.cpp in Sources */ = {isa = PBXBuildFile; fileRef = 0C9EABF01AD576AF00A40098 /* SoundManager.cpp */; };
		0CA375881AC5230C001C8EDE /* InputComponent.cpp in Sources */ = {isa = PBXBuildFile; fileRef = 0CA375861AC5230C001C8EDE /* InputComponent.cpp */; };
		0CA778F21AC3E9EE00CB5FA5 /* ActorFactory.cpp in Sources */ = {isa = PBXBuildFile; fileRef = 0CA778F01AC3E9EE00CB5FA5 /* ActorFactory.cpp */; };
		0CA778F91AC41FEA00CB5FA5 /* ActorManager.cpp in Sources */ = {isa = PBXBuildFile; fileRef = 0CA778F71AC41FEA00CB5FA5 /* ActorManager.cpp */; };
		0CA778FC1AC41FF900CB5FA5 /* Actor.cpp in Sources */ = {isa = PBXBuildFile; fileRef = 0CA778FA1AC41FF900CB5FA5 /* Actor.cpp */; };
		0CA778FF1AC4200A00CB5FA5 /* ActorComponent.cpp in Sources */ = {isa = PBXBuildFile; fileRef = 0CA778FD1AC4200A00CB5FA5 /* ActorComponent.cpp */; };
		0CA779031AC4382100CB5FA5 /* PhysicsComponent.cpp in Sources */ = {isa = PBXBuildFile; fileRef = 0CA779011AC4382100CB5FA5 /* PhysicsComponent.cpp */; };
		0CA779061AC467A000CB5FA5 /* TransformComponent.cpp in Sources */ = {isa = PBXBuildFile; fileRef = 0CA779041AC467A000CB5FA5 /* TransformComponent.cpp */; };
		0CA779091AC46C0700CB5FA5 /* ViewComponent.cpp in Sources */ = {isa = PBXBuildFile; fileRef = 0CA779071AC46C0700CB5FA5 /* ViewComponent.cpp */; };
		0CB3E89A1AD3BF6700F75732 /* ViewNode.cpp in Sources */ = {isa = PBXBuildFile; fileRef = 0CB3E8981AD3BF6700F75732 /* ViewNode.cpp */; };
		0CCC4C7E1ACFAF7700CA2203 /* UIKit.framework in Frameworks */ = {isa = PBXBuildFile; fileRef = 0CCC4C7D1ACFAF7700CA2203 /* UIKit.framework */; };
		0CCC4C801ACFAF7E00CA2203 /* Foundation.framework in Frameworks */ = {isa = PBXBuildFile; fileRef = 0CCC4C7F1ACFAF7E00CA2203 /* Foundation.framework */; };
		0CCC4C821ACFAF8400CA2203 /* StoreKit.framework in Frameworks */ = {isa = PBXBuildFile; fileRef = 0CCC4C811ACFAF8400CA2203 /* StoreKit.framework */; };
		0CCC4C841ACFAF8D00CA2203 /* CoreGraphics.framework in Frameworks */ = {isa = PBXBuildFile; fileRef = 0CCC4C831ACFAF8D00CA2203 /* CoreGraphics.framework */; };
		0CCC4C881ACFD19800CA2203 /* AdsStub.cpp in Sources */ = {isa = PBXBuildFile; fileRef = 0CCC4C861ACFD19800CA2203 /* AdsStub.cpp */; };
		0CCC4C8F1ACFD47E00CA2203 /* Chartboost.framework in Frameworks */ = {isa = PBXBuildFile; fileRef = 0CCC4C8E1ACFD47E00CA2203 /* Chartboost.framework */; };
		0CFB10411AC3216F000217A8 /* View2DFactory.cpp in Sources */ = {isa = PBXBuildFile; fileRef = 0CFB103F1AC3216F000217A8 /* View2DFactory.cpp */; };
/* End PBXBuildFile section */

/* Begin PBXContainerItemProxy section */
		0C2758531AB40DEF00F18283 /* PBXContainerItemProxy */ = {
			isa = PBXContainerItemProxy;
			containerPortal = 0C27583E1AB40DEE00F18283 /* Project object */;
			proxyType = 1;
			remoteGlobalIDString = 0C2758451AB40DEE00F18283;
			remoteInfo = FEngine;
		};
		0C27588D1AB410B600F18283 /* PBXContainerItemProxy */ = {
			isa = PBXContainerItemProxy;
			containerPortal = 0C2758881AB410B500F18283 /* png.xcodeproj */;
			proxyType = 2;
			remoteGlobalIDString = 0C27586E1AB410B500F18283;
			remoteInfo = png;
		};
		0C27588F1AB410B600F18283 /* PBXContainerItemProxy */ = {
			isa = PBXContainerItemProxy;
			containerPortal = 0C2758881AB410B500F18283 /* png.xcodeproj */;
			proxyType = 2;
			remoteGlobalIDString = 0C2758791AB410B500F18283;
			remoteInfo = pngTests;
		};
		0C2758E51AB410D400F18283 /* PBXContainerItemProxy */ = {
			isa = PBXContainerItemProxy;
			containerPortal = 0C2758E01AB410D300F18283 /* vorbis.xcodeproj */;
			proxyType = 2;
			remoteGlobalIDString = 0C2758C61AB410D300F18283;
			remoteInfo = vorbis;
		};
		0C2758E71AB410D400F18283 /* PBXContainerItemProxy */ = {
			isa = PBXContainerItemProxy;
			containerPortal = 0C2758E01AB410D300F18283 /* vorbis.xcodeproj */;
			proxyType = 2;
			remoteGlobalIDString = 0C2758D11AB410D300F18283;
			remoteInfo = vorbisTests;
		};
		0C27593D1AB410F100F18283 /* PBXContainerItemProxy */ = {
			isa = PBXContainerItemProxy;
			containerPortal = 0C2759381AB410EF00F18283 /* tinyxml2.xcodeproj */;
			proxyType = 2;
			remoteGlobalIDString = 0C27591E1AB410EF00F18283;
			remoteInfo = tinyxml2;
		};
		0C27593F1AB410F100F18283 /* PBXContainerItemProxy */ = {
			isa = PBXContainerItemProxy;
			containerPortal = 0C2759381AB410EF00F18283 /* tinyxml2.xcodeproj */;
			proxyType = 2;
			remoteGlobalIDString = 0C2759291AB410EF00F18283;
			remoteInfo = tinyxml2Tests;
		};
		0C2759FA1AB4122E00F18283 /* PBXContainerItemProxy */ = {
			isa = PBXContainerItemProxy;
			containerPortal = 0C2758881AB410B500F18283 /* png.xcodeproj */;
			proxyType = 1;
			remoteGlobalIDString = 0C27586D1AB410B500F18283;
			remoteInfo = png;
		};
		0C2759FC1AB4123100F18283 /* PBXContainerItemProxy */ = {
			isa = PBXContainerItemProxy;
			containerPortal = 0C2758E01AB410D300F18283 /* vorbis.xcodeproj */;
			proxyType = 1;
			remoteGlobalIDString = 0C2758C51AB410D300F18283;
			remoteInfo = vorbis;
		};
		0C2759FE1AB4123400F18283 /* PBXContainerItemProxy */ = {
			isa = PBXContainerItemProxy;
			containerPortal = 0C2759381AB410EF00F18283 /* tinyxml2.xcodeproj */;
			proxyType = 1;
			remoteGlobalIDString = 0C27591D1AB410EF00F18283;
			remoteInfo = tinyxml2;
		};
		0C275A2B1AB4125900F18283 /* PBXContainerItemProxy */ = {
			isa = PBXContainerItemProxy;
			containerPortal = 0C275A261AB4125800F18283 /* PennerEasing.xcodeproj */;
			proxyType = 2;
			remoteGlobalIDString = 0C275A0C1AB4125700F18283;
			remoteInfo = PennerEasing;
		};
		0C275A2D1AB4125900F18283 /* PBXContainerItemProxy */ = {
			isa = PBXContainerItemProxy;
			containerPortal = 0C275A261AB4125800F18283 /* PennerEasing.xcodeproj */;
			proxyType = 2;
			remoteGlobalIDString = 0C275A171AB4125700F18283;
			remoteInfo = PennerEasingTests;
		};
		0C275A451AB4128500F18283 /* PBXContainerItemProxy */ = {
			isa = PBXContainerItemProxy;
			containerPortal = 0C275A261AB4125800F18283 /* PennerEasing.xcodeproj */;
			proxyType = 1;
			remoteGlobalIDString = 0C275A0B1AB4125700F18283;
			remoteInfo = PennerEasing;
		};
		0C2F3EED1AC70B4E00D66B2C /* PBXContainerItemProxy */ = {
			isa = PBXContainerItemProxy;
			containerPortal = 0C2F3EE81AC70B4D00D66B2C /* Box2D.xcodeproj */;
			proxyType = 2;
			remoteGlobalIDString = 0C2F3ECE1AC70B4C00D66B2C;
			remoteInfo = Box2D;
		};
		0C2F3EEF1AC70B4E00D66B2C /* PBXContainerItemProxy */ = {
			isa = PBXContainerItemProxy;
			containerPortal = 0C2F3EE81AC70B4D00D66B2C /* Box2D.xcodeproj */;
			proxyType = 2;
			remoteGlobalIDString = 0C2F3ED91AC70B4D00D66B2C;
			remoteInfo = Box2DTests;
		};
		0C2F3F831AC70B9500D66B2C /* PBXContainerItemProxy */ = {
			isa = PBXContainerItemProxy;
			containerPortal = 0C2F3EE81AC70B4D00D66B2C /* Box2D.xcodeproj */;
			proxyType = 1;
			remoteGlobalIDString = 0C2F3ECD1AC70B4C00D66B2C;
			remoteInfo = Box2D;
		};
/* End PBXContainerItemProxy section */

/* Begin PBXCopyFilesBuildPhase section */
		0C2758441AB40DEE00F18283 /* CopyFiles */ = {
			isa = PBXCopyFilesBuildPhase;
			buildActionMask = 2147483647;
			dstPath = "include/$(PRODUCT_NAME)";
			dstSubfolderSpec = 16;
			files = (
			);
			runOnlyForDeploymentPostprocessing = 0;
		};
/* End PBXCopyFilesBuildPhase section */

/* Begin PBXFileReference section */
		0C00778E1AF0B6A60019CC10 /* Serialize.h */ = {isa = PBXFileReference; fileEncoding = 4; lastKnownFileType = sourcecode.c.h; path = Serialize.h; sourceTree = "<group>"; };
		0C0077911AF0B6A60019CC10 /* SerializeStub.cpp */ = {isa = PBXFileReference; fileEncoding = 4; lastKnownFileType = sourcecode.cpp.cpp; path = SerializeStub.cpp; sourceTree = "<group>"; };
		0C0077921AF0B6A60019CC10 /* SerializeStub.h */ = {isa = PBXFileReference; fileEncoding = 4; lastKnownFileType = sourcecode.c.h; path = SerializeStub.h; sourceTree = "<group>"; };
		0C02FAC21ACC294D0052884B /* GLES2DebugDraw.cpp */ = {isa = PBXFileReference; fileEncoding = 4; lastKnownFileType = sourcecode.cpp.cpp; name = GLES2DebugDraw.cpp; path = PhysicsManager/GLES2DebugDraw.cpp; sourceTree = "<group>"; };
		0C02FAC31ACC294D0052884B /* GLES2DebugDraw.h */ = {isa = PBXFileReference; fileEncoding = 4; lastKnownFileType = sourcecode.c.h; name = GLES2DebugDraw.h; path = PhysicsManager/GLES2DebugDraw.h; sourceTree = "<group>"; };
		0C1D9E081AE9AFF50085251F /* BasicShare.cpp */ = {isa = PBXFileReference; fileEncoding = 4; lastKnownFileType = sourcecode.cpp.cpp; name = BasicShare.cpp; path = Social/BasicShare.cpp; sourceTree = "<group>"; };
		0C1D9E091AE9AFF50085251F /* BasicShare.h */ = {isa = PBXFileReference; fileEncoding = 4; lastKnownFileType = sourcecode.c.h; name = BasicShare.h; path = Social/BasicShare.h; sourceTree = "<group>"; };
		0C1D9E101AE9B0070085251F /* BasicShareiOS.mm */ = {isa = PBXFileReference; fileEncoding = 4; lastKnownFileType = sourcecode.cpp.objcpp; name = BasicShareiOS.mm; path = Social/BasicShareiOS.mm; sourceTree = "<group>"; };
		0C1D9E111AE9B0070085251F /* BasicShareiOS.h */ = {isa = PBXFileReference; fileEncoding = 4; lastKnownFileType = sourcecode.c.h; name = BasicShareiOS.h; path = Social/BasicShareiOS.h; sourceTree = "<group>"; };
		0C2744981ACF20F300D1C4A7 /* Ads.h */ = {isa = PBXFileReference; fileEncoding = 4; lastKnownFileType = sourcecode.c.h; path = Ads.h; sourceTree = "<group>"; };
		0C27449A1ACF214A00D1C4A7 /* ChartBoostAdsiOS.mm */ = {isa = PBXFileReference; fileEncoding = 4; lastKnownFileType = sourcecode.cpp.objcpp; path = ChartBoostAdsiOS.mm; sourceTree = "<group>"; };
		0C27449B1ACF214A00D1C4A7 /* ChartBoostAdsiOS.h */ = {isa = PBXFileReference; fileEncoding = 4; lastKnownFileType = sourcecode.c.h; path = ChartBoostAdsiOS.h; sourceTree = "<group>"; };
		0C2758461AB40DEE00F18283 /* libFEngine.a */ = {isa = PBXFileReference; explicitFileType = archive.ar; includeInIndex = 0; path = libFEngine.a; sourceTree = BUILT_PRODUCTS_DIR; };
		0C2758511AB40DEF00F18283 /* FEngineTests.xctest */ = {isa = PBXFileReference; explicitFileType = wrapper.cfbundle; includeInIndex = 0; path = FEngineTests.xctest; sourceTree = BUILT_PRODUCTS_DIR; };
		0C2758571AB40DEF00F18283 /* Info.plist */ = {isa = PBXFileReference; lastKnownFileType = text.plist.xml; path = Info.plist; sourceTree = "<group>"; };
		0C2758881AB410B500F18283 /* png.xcodeproj */ = {isa = PBXFileReference; lastKnownFileType = "wrapper.pb-project"; name = png.xcodeproj; path = 3rdParty/png/png.xcodeproj; sourceTree = "<group>"; };
		0C2758E01AB410D300F18283 /* vorbis.xcodeproj */ = {isa = PBXFileReference; lastKnownFileType = "wrapper.pb-project"; name = vorbis.xcodeproj; path = 3rdParty/vorbis/vorbis.xcodeproj; sourceTree = "<group>"; };
		0C2759381AB410EF00F18283 /* tinyxml2.xcodeproj */ = {isa = PBXFileReference; lastKnownFileType = "wrapper.pb-project"; name = tinyxml2.xcodeproj; path = 3rdParty/tinyxml2/tinyxml2.xcodeproj; sourceTree = "<group>"; };
		0C275A261AB4125800F18283 /* PennerEasing.xcodeproj */ = {isa = PBXFileReference; lastKnownFileType = "wrapper.pb-project"; name = PennerEasing.xcodeproj; path = 3rdParty/PennerEasing/PennerEasing.xcodeproj; sourceTree = "<group>"; };
		0C275A491AB4140900F18283 /* OpenGLES.framework */ = {isa = PBXFileReference; lastKnownFileType = wrapper.framework; name = OpenGLES.framework; path = System/Library/Frameworks/OpenGLES.framework; sourceTree = SDKROOT; };
		0C275A4B1AB4141000F18283 /* OpenAL.framework */ = {isa = PBXFileReference; lastKnownFileType = wrapper.framework; name = OpenAL.framework; path = System/Library/Frameworks/OpenAL.framework; sourceTree = SDKROOT; };
		0C2F3E811AC6DA8600D66B2C /* SimpleVertex2DProgram.cpp */ = {isa = PBXFileReference; fileEncoding = 4; lastKnownFileType = sourcecode.cpp.cpp; path = SimpleVertex2DProgram.cpp; sourceTree = "<group>"; };
		0C2F3E821AC6DA8600D66B2C /* SimpleVertex2DProgram.h */ = {isa = PBXFileReference; fileEncoding = 4; lastKnownFileType = sourcecode.c.h; path = SimpleVertex2DProgram.h; sourceTree = "<group>"; };
		0C2F3E841AC6F46300D66B2C /* DebugBoxNode2D.cpp */ = {isa = PBXFileReference; fileEncoding = 4; lastKnownFileType = sourcecode.cpp.cpp; path = DebugBoxNode2D.cpp; sourceTree = "<group>"; };
		0C2F3E851AC6F46300D66B2C /* DebugBoxNode2D.h */ = {isa = PBXFileReference; fileEncoding = 4; lastKnownFileType = sourcecode.c.h; path = DebugBoxNode2D.h; sourceTree = "<group>"; };
		0C2F3E871AC6F47400D66B2C /* DebugCircleNode2D.cpp */ = {isa = PBXFileReference; fileEncoding = 4; lastKnownFileType = sourcecode.cpp.cpp; path = DebugCircleNode2D.cpp; sourceTree = "<group>"; };
		0C2F3E881AC6F47400D66B2C /* DebugCircleNode2D.h */ = {isa = PBXFileReference; fileEncoding = 4; lastKnownFileType = sourcecode.c.h; path = DebugCircleNode2D.h; sourceTree = "<group>"; };
		0C2F3EE81AC70B4D00D66B2C /* Box2D.xcodeproj */ = {isa = PBXFileReference; lastKnownFileType = "wrapper.pb-project"; name = Box2D.xcodeproj; path = 3rdParty/Box2D/Box2D.xcodeproj; sourceTree = "<group>"; };
		0C2F3F861AC71FDB00D66B2C /* PhysicsFactory.cpp */ = {isa = PBXFileReference; fileEncoding = 4; lastKnownFileType = sourcecode.cpp.cpp; path = PhysicsFactory.cpp; sourceTree = "<group>"; };
		0C2F3F871AC71FDB00D66B2C /* PhysicsFactory.h */ = {isa = PBXFileReference; fileEncoding = 4; lastKnownFileType = sourcecode.c.h; path = PhysicsFactory.h; sourceTree = "<group>"; };
		0C2F3F961AC72B3200D66B2C /* PhysicsManager.cpp */ = {isa = PBXFileReference; fileEncoding = 4; lastKnownFileType = sourcecode.cpp.cpp; name = PhysicsManager.cpp; path = PhysicsManager/PhysicsManager.cpp; sourceTree = "<group>"; };
		0C2F3F971AC72B3200D66B2C /* PhysicsManager.h */ = {isa = PBXFileReference; fileEncoding = 4; lastKnownFileType = sourcecode.c.h; name = PhysicsManager.h; path = PhysicsManager/PhysicsManager.h; sourceTree = "<group>"; };
		0C322CF21ADBFAE6000C857F /* Camera.cpp */ = {isa = PBXFileReference; fileEncoding = 4; lastKnownFileType = sourcecode.cpp.cpp; path = Camera.cpp; sourceTree = "<group>"; };
		0C322CF31ADBFAE6000C857F /* Camera.h */ = {isa = PBXFileReference; fileEncoding = 4; lastKnownFileType = sourcecode.c.h; path = Camera.h; sourceTree = "<group>"; };
		0C322CFB1ADBFC28000C857F /* Log.h */ = {isa = PBXFileReference; lastKnownFileType = sourcecode.c.h; name = Log.h; path = Debugging/Log.h; sourceTree = "<group>"; };
		0C322CFC1ADBFCE3000C857F /* Log.cpp */ = {isa = PBXFileReference; fileEncoding = 4; lastKnownFileType = sourcecode.cpp.cpp; name = Log.cpp; path = Debugging/Log.cpp; sourceTree = "<group>"; };
		0C322CFE1ADBFE35000C857F /* LogDefault.cpp */ = {isa = PBXFileReference; fileEncoding = 4; lastKnownFileType = sourcecode.cpp.cpp; name = LogDefault.cpp; path = Debugging/LogDefault.cpp; sourceTree = "<group>"; };
		0C322CFF1ADBFE35000C857F /* LogDefault.h */ = {isa = PBXFileReference; fileEncoding = 4; lastKnownFileType = sourcecode.c.h; name = LogDefault.h; path = Debugging/LogDefault.h; sourceTree = "<group>"; };
		0C3F26091ABD078F002DCB5A /* Texture.cpp */ = {isa = PBXFileReference; fileEncoding = 4; lastKnownFileType = sourcecode.cpp.cpp; path = Texture.cpp; sourceTree = "<group>"; };
		0C3F260A1ABD078F002DCB5A /* Texture.h */ = {isa = PBXFileReference; fileEncoding = 4; lastKnownFileType = sourcecode.c.h; path = Texture.h; sourceTree = "<group>"; };
		0C3F260B1ABD078F002DCB5A /* TextureAtlas.cpp */ = {isa = PBXFileReference; fileEncoding = 4; lastKnownFileType = sourcecode.cpp.cpp; path = TextureAtlas.cpp; sourceTree = "<group>"; };
		0C3F260C1ABD078F002DCB5A /* TextureAtlas.h */ = {isa = PBXFileReference; fileEncoding = 4; lastKnownFileType = sourcecode.c.h; path = TextureAtlas.h; sourceTree = "<group>"; };
		0C3F26141ABD1ACD002DCB5A /* TextureAtlasFactory.cpp */ = {isa = PBXFileReference; fileEncoding = 4; lastKnownFileType = sourcecode.cpp.cpp; path = TextureAtlasFactory.cpp; sourceTree = "<group>"; };
		0C3F26151ABD1ACD002DCB5A /* TextureAtlasFactory.h */ = {isa = PBXFileReference; fileEncoding = 4; lastKnownFileType = sourcecode.c.h; path = TextureAtlasFactory.h; sourceTree = "<group>"; };
		0C3F26171ABD1ADC002DCB5A /* ProgramFactory.cpp */ = {isa = PBXFileReference; fileEncoding = 4; lastKnownFileType = sourcecode.cpp.cpp; path = ProgramFactory.cpp; sourceTree = "<group>"; };
		0C3F26181ABD1ADC002DCB5A /* ProgramFactory.h */ = {isa = PBXFileReference; fileEncoding = 4; lastKnownFileType = sourcecode.c.h; path = ProgramFactory.h; sourceTree = "<group>"; };
		0C3F261A1ABD1AEF002DCB5A /* SpriteNodeFactory.cpp */ = {isa = PBXFileReference; fileEncoding = 4; lastKnownFileType = sourcecode.cpp.cpp; path = SpriteNodeFactory.cpp; sourceTree = "<group>"; };
		0C3F261B1ABD1AEF002DCB5A /* SpriteNodeFactory.h */ = {isa = PBXFileReference; fileEncoding = 4; lastKnownFileType = sourcecode.c.h; path = SpriteNodeFactory.h; sourceTree = "<group>"; };
		0C3F261D1ABD580F002DCB5A /* VertexDefinitions.h */ = {isa = PBXFileReference; lastKnownFileType = sourcecode.c.h; path = VertexDefinitions.h; sourceTree = "<group>"; };
		0C3F261E1ABD82A4002DCB5A /* Math.cpp */ = {isa = PBXFileReference; fileEncoding = 4; lastKnownFileType = sourcecode.cpp.cpp; path = Math.cpp; sourceTree = "<group>"; };
		0C5549011AE1477600CEB957 /* Facebook.cpp */ = {isa = PBXFileReference; fileEncoding = 4; lastKnownFileType = sourcecode.cpp.cpp; name = Facebook.cpp; path = Social/Facebook.cpp; sourceTree = "<group>"; };
		0C5549021AE1477600CEB957 /* Facebook.h */ = {isa = PBXFileReference; fileEncoding = 4; lastKnownFileType = sourcecode.c.h; name = Facebook.h; path = Social/Facebook.h; sourceTree = "<group>"; };
		0C5549041AE1478800CEB957 /* FacebookiOS.mm */ = {isa = PBXFileReference; fileEncoding = 4; lastKnownFileType = sourcecode.cpp.objcpp; name = FacebookiOS.mm; path = Social/FacebookiOS.mm; sourceTree = "<group>"; };
		0C5549051AE1478800CEB957 /* FacebookiOS.h */ = {isa = PBXFileReference; fileEncoding = 4; lastKnownFileType = sourcecode.c.h; name = FacebookiOS.h; path = Social/FacebookiOS.h; sourceTree = "<group>"; };
		0C55490A1AE148AE00CEB957 /* FBSDKCoreKit.framework */ = {isa = PBXFileReference; lastKnownFileType = wrapper.framework; name = FBSDKCoreKit.framework; path = ../../../../../../../Documents/FacebookSDK/FBSDKCoreKit.framework; sourceTree = "<group>"; };
		0C55490B1AE148AE00CEB957 /* FBSDKLoginKit.framework */ = {isa = PBXFileReference; lastKnownFileType = wrapper.framework; name = FBSDKLoginKit.framework; path = ../../../../../../../Documents/FacebookSDK/FBSDKLoginKit.framework; sourceTree = "<group>"; };
		0C55490C1AE148AE00CEB957 /* FBSDKShareKit.framework */ = {isa = PBXFileReference; lastKnownFileType = wrapper.framework; name = FBSDKShareKit.framework; path = ../../../../../../../Documents/FacebookSDK/FBSDKShareKit.framework; sourceTree = "<group>"; };
		0C5549101AE14FDE00CEB957 /* FacebookStub.cpp */ = {isa = PBXFileReference; fileEncoding = 4; lastKnownFileType = sourcecode.cpp.cpp; name = FacebookStub.cpp; path = Social/FacebookStub.cpp; sourceTree = "<group>"; };
		0C5549111AE14FDE00CEB957 /* FacebookStub.h */ = {isa = PBXFileReference; fileEncoding = 4; lastKnownFileType = sourcecode.c.h; name = FacebookStub.h; path = Social/FacebookStub.h; sourceTree = "<group>"; };
		0C68A7AC1ACA669E0087A197 /* MemoryManager.cpp */ = {isa = PBXFileReference; fileEncoding = 4; lastKnownFileType = sourcecode.cpp.cpp; name = MemoryManager.cpp; path = MemoryManager/MemoryManager.cpp; sourceTree = "<group>"; };
		0C68A7AD1ACA669E0087A197 /* MemoryManager.h */ = {isa = PBXFileReference; fileEncoding = 4; lastKnownFileType = sourcecode.c.h; name = MemoryManager.h; path = MemoryManager/MemoryManager.h; sourceTree = "<group>"; };
		0C68A7AF1ACA66D70087A197 /* ActorPool.cpp */ = {isa = PBXFileReference; fileEncoding = 4; lastKnownFileType = sourcecode.cpp.cpp; name = ActorPool.cpp; path = MemoryManager/ActorPool.cpp; sourceTree = "<group>"; };
		0C68A7B01ACA66D70087A197 /* ActorPool.h */ = {isa = PBXFileReference; fileEncoding = 4; lastKnownFileType = sourcecode.c.h; name = ActorPool.h; path = MemoryManager/ActorPool.h; sourceTree = "<group>"; };
		0C79513F1AB85EF80010DA81 /* Common.h */ = {isa = PBXFileReference; fileEncoding = 4; lastKnownFileType = sourcecode.c.h; path = Common.h; sourceTree = "<group>"; };
		0C7951421AB85EF80010DA81 /* PointerDefs.h */ = {isa = PBXFileReference; fileEncoding = 4; lastKnownFileType = sourcecode.c.h; path = PointerDefs.h; sourceTree = "<group>"; };
		0C7951441AB85EF80010DA81 /* DefaultProcesses.cpp */ = {isa = PBXFileReference; fileEncoding = 4; lastKnownFileType = sourcecode.cpp.cpp; path = DefaultProcesses.cpp; sourceTree = "<group>"; };
		0C7951451AB85EF80010DA81 /* DefaultProcesses.h */ = {isa = PBXFileReference; fileEncoding = 4; lastKnownFileType = sourcecode.c.h; path = DefaultProcesses.h; sourceTree = "<group>"; };
		0C7951461AB85EF80010DA81 /* Process.cpp */ = {isa = PBXFileReference; fileEncoding = 4; lastKnownFileType = sourcecode.cpp.cpp; path = Process.cpp; sourceTree = "<group>"; };
		0C7951471AB85EF80010DA81 /* Process.h */ = {isa = PBXFileReference; fileEncoding = 4; lastKnownFileType = sourcecode.c.h; path = Process.h; sourceTree = "<group>"; };
		0C7951481AB85EF80010DA81 /* ProcessScheduler.cpp */ = {isa = PBXFileReference; fileEncoding = 4; lastKnownFileType = sourcecode.cpp.cpp; path = ProcessScheduler.cpp; sourceTree = "<group>"; };
		0C7951491AB85EF80010DA81 /* ProcessScheduler.h */ = {isa = PBXFileReference; fileEncoding = 4; lastKnownFileType = sourcecode.c.h; path = ProcessScheduler.h; sourceTree = "<group>"; };
		0C79514C1AB85EF80010DA81 /* IOManager.h */ = {isa = PBXFileReference; fileEncoding = 4; lastKnownFileType = sourcecode.c.h; path = IOManager.h; sourceTree = "<group>"; };
		0C79514F1AB85EF80010DA81 /* IOManagerDefault.cpp */ = {isa = PBXFileReference; fileEncoding = 4; lastKnownFileType = sourcecode.cpp.cpp; path = IOManagerDefault.cpp; sourceTree = "<group>"; };
		0C7951501AB85EF80010DA81 /* IOManagerDefault.h */ = {isa = PBXFileReference; fileEncoding = 4; lastKnownFileType = sourcecode.c.h; path = IOManagerDefault.h; sourceTree = "<group>"; };
		0C7951591AB85EF80010DA81 /* State.cpp */ = {isa = PBXFileReference; fileEncoding = 4; lastKnownFileType = sourcecode.cpp.cpp; path = State.cpp; sourceTree = "<group>"; };
		0C79515A1AB85EF80010DA81 /* State.h */ = {isa = PBXFileReference; fileEncoding = 4; lastKnownFileType = sourcecode.c.h; path = State.h; sourceTree = "<group>"; };
		0C79515B1AB85EF80010DA81 /* StateManager.cpp */ = {isa = PBXFileReference; fileEncoding = 4; lastKnownFileType = sourcecode.cpp.cpp; path = StateManager.cpp; sourceTree = "<group>"; };
		0C79515C1AB85EF80010DA81 /* StateManager.h */ = {isa = PBXFileReference; fileEncoding = 4; lastKnownFileType = sourcecode.c.h; path = StateManager.h; sourceTree = "<group>"; };
		0C79515E1AB85EF80010DA81 /* App.cpp */ = {isa = PBXFileReference; fileEncoding = 4; lastKnownFileType = sourcecode.cpp.cpp; path = App.cpp; sourceTree = "<group>"; };
		0C79515F1AB85EF80010DA81 /* App.h */ = {isa = PBXFileReference; fileEncoding = 4; lastKnownFileType = sourcecode.c.h; path = App.h; sourceTree = "<group>"; };
		0C7951601AB85EF80010DA81 /* SystemConfig.cpp */ = {isa = PBXFileReference; fileEncoding = 4; lastKnownFileType = sourcecode.cpp.cpp; path = SystemConfig.cpp; sourceTree = "<group>"; };
		0C7951611AB85EF80010DA81 /* SystemConfig.h */ = {isa = PBXFileReference; fileEncoding = 4; lastKnownFileType = sourcecode.c.h; path = SystemConfig.h; sourceTree = "<group>"; };
		0C7951631AB85EF80010DA81 /* Math.h */ = {isa = PBXFileReference; fileEncoding = 4; lastKnownFileType = sourcecode.c.h; path = Math.h; sourceTree = "<group>"; };
		0C7951641AB85EF80010DA81 /* SmartPtr.cpp */ = {isa = PBXFileReference; fileEncoding = 4; lastKnownFileType = sourcecode.cpp.cpp; path = SmartPtr.cpp; sourceTree = "<group>"; };
		0C7951651AB85EF80010DA81 /* SmartPtr.h */ = {isa = PBXFileReference; fileEncoding = 4; lastKnownFileType = sourcecode.c.h; path = SmartPtr.h; sourceTree = "<group>"; };
		0C79518E1AB8A4DE0010DA81 /* Event.cpp */ = {isa = PBXFileReference; fileEncoding = 4; lastKnownFileType = sourcecode.cpp.cpp; path = Event.cpp; sourceTree = "<group>"; };
		0C79518F1AB8A4DE0010DA81 /* Event.h */ = {isa = PBXFileReference; fileEncoding = 4; lastKnownFileType = sourcecode.c.h; path = Event.h; sourceTree = "<group>"; };
		0C7951911AB8A4F10010DA81 /* EventDispatcher.cpp */ = {isa = PBXFileReference; fileEncoding = 4; lastKnownFileType = sourcecode.cpp.cpp; path = EventDispatcher.cpp; sourceTree = "<group>"; };
		0C7951921AB8A4F10010DA81 /* EventDispatcher.h */ = {isa = PBXFileReference; fileEncoding = 4; lastKnownFileType = sourcecode.c.h; path = EventDispatcher.h; sourceTree = "<group>"; };
		0C7951941AB8A5020010DA81 /* DefaultEvents.cpp */ = {isa = PBXFileReference; fileEncoding = 4; lastKnownFileType = sourcecode.cpp.cpp; path = DefaultEvents.cpp; sourceTree = "<group>"; };
		0C7951951AB8A5020010DA81 /* DefaultEvents.h */ = {isa = PBXFileReference; fileEncoding = 4; lastKnownFileType = sourcecode.c.h; path = DefaultEvents.h; sourceTree = "<group>"; };
		0C8685291ADD9AD7009CA2AC /* String.cpp */ = {isa = PBXFileReference; fileEncoding = 4; lastKnownFileType = sourcecode.cpp.cpp; path = String.cpp; sourceTree = "<group>"; };
		0C86852A1ADD9AD7009CA2AC /* String.h */ = {isa = PBXFileReference; fileEncoding = 4; lastKnownFileType = sourcecode.c.h; path = String.h; sourceTree = "<group>"; };
		0C8C24D91ABBF60C00C77AAF /* RootSceneNode2D.cpp */ = {isa = PBXFileReference; fileEncoding = 4; lastKnownFileType = sourcecode.cpp.cpp; path = RootSceneNode2D.cpp; sourceTree = "<group>"; };
		0C8C24DA1ABBF60C00C77AAF /* RootSceneNode2D.h */ = {isa = PBXFileReference; fileEncoding = 4; lastKnownFileType = sourcecode.c.h; path = RootSceneNode2D.h; sourceTree = "<group>"; };
		0C8C24E01ABBF61A00C77AAF /* SceneNode2D.cpp */ = {isa = PBXFileReference; fileEncoding = 4; lastKnownFileType = sourcecode.cpp.cpp; path = SceneNode2D.cpp; sourceTree = "<group>"; };
		0C8C24E11ABBF61A00C77AAF /* SceneNode2D.h */ = {isa = PBXFileReference; fileEncoding = 4; lastKnownFileType = sourcecode.c.h; path = SceneNode2D.h; sourceTree = "<group>"; };
		0C8C24E31ABC715900C77AAF /* SpriteNode.cpp */ = {isa = PBXFileReference; fileEncoding = 4; lastKnownFileType = sourcecode.cpp.cpp; path = SpriteNode.cpp; sourceTree = "<group>"; };
		0C8C24E41ABC715900C77AAF /* SpriteNode.h */ = {isa = PBXFileReference; fileEncoding = 4; lastKnownFileType = sourcecode.c.h; path = SpriteNode.h; sourceTree = "<group>"; };
		0C8C24F11ABC74FD00C77AAF /* SceneNodeProperties2D.cpp */ = {isa = PBXFileReference; fileEncoding = 4; lastKnownFileType = sourcecode.cpp.cpp; path = SceneNodeProperties2D.cpp; sourceTree = "<group>"; };
		0C8C24F21ABC74FD00C77AAF /* SceneNodeProperties2D.h */ = {isa = PBXFileReference; fileEncoding = 4; lastKnownFileType = sourcecode.c.h; path = SceneNodeProperties2D.h; sourceTree = "<group>"; };
		0C8C24F41ABC994200C77AAF /* ResourceCache.cpp */ = {isa = PBXFileReference; fileEncoding = 4; lastKnownFileType = sourcecode.cpp.cpp; path = ResourceCache.cpp; sourceTree = "<group>"; };
		0C8C24F51ABC994200C77AAF /* ResourceCache.h */ = {isa = PBXFileReference; fileEncoding = 4; lastKnownFileType = sourcecode.c.h; path = ResourceCache.h; sourceTree = "<group>"; };
		0C8C24FA1ABC9AC100C77AAF /* Program.cpp */ = {isa = PBXFileReference; fileEncoding = 4; lastKnownFileType = sourcecode.cpp.cpp; path = Program.cpp; sourceTree = "<group>"; };
		0C8C24FB1ABC9AC100C77AAF /* Program.h */ = {isa = PBXFileReference; fileEncoding = 4; lastKnownFileType = sourcecode.c.h; path = Program.h; sourceTree = "<group>"; };
		0C8C24FC1ABC9AC100C77AAF /* TexturedVertexProgram.cpp */ = {isa = PBXFileReference; fileEncoding = 4; lastKnownFileType = sourcecode.cpp.cpp; path = TexturedVertexProgram.cpp; sourceTree = "<group>"; };
		0C8C24FD1ABC9AC100C77AAF /* TexturedVertexProgram.h */ = {isa = PBXFileReference; fileEncoding = 4; lastKnownFileType = sourcecode.c.h; path = TexturedVertexProgram.h; sourceTree = "<group>"; };
		0C9EABF01AD576AF00A40098 /* SoundManager.cpp */ = {isa = PBXFileReference; fileEncoding = 4; lastKnownFileType = sourcecode.cpp.cpp; path = SoundManager.cpp; sourceTree = "<group>"; };
		0C9EABF11AD576AF00A40098 /* SoundManager.h */ = {isa = PBXFileReference; fileEncoding = 4; lastKnownFileType = sourcecode.c.h; path = SoundManager.h; sourceTree = "<group>"; };
		0CA375861AC5230C001C8EDE /* InputComponent.cpp */ = {isa = PBXFileReference; fileEncoding = 4; lastKnownFileType = sourcecode.cpp.cpp; name = InputComponent.cpp; path = Components/InputComponent.cpp; sourceTree = "<group>"; };
		0CA375871AC5230C001C8EDE /* InputComponent.h */ = {isa = PBXFileReference; fileEncoding = 4; lastKnownFileType = sourcecode.c.h; name = InputComponent.h; path = Components/InputComponent.h; sourceTree = "<group>"; };
		0CA778F01AC3E9EE00CB5FA5 /* ActorFactory.cpp */ = {isa = PBXFileReference; fileEncoding = 4; lastKnownFileType = sourcecode.cpp.cpp; path = ActorFactory.cpp; sourceTree = "<group>"; };
		0CA778F11AC3E9EE00CB5FA5 /* ActorFactory.h */ = {isa = PBXFileReference; fileEncoding = 4; lastKnownFileType = sourcecode.c.h; path = ActorFactory.h; sourceTree = "<group>"; };
		0CA778F71AC41FEA00CB5FA5 /* ActorManager.cpp */ = {isa = PBXFileReference; fileEncoding = 4; lastKnownFileType = sourcecode.cpp.cpp; path = ActorManager.cpp; sourceTree = "<group>"; };
		0CA778F81AC41FEA00CB5FA5 /* ActorManager.h */ = {isa = PBXFileReference; fileEncoding = 4; lastKnownFileType = sourcecode.c.h; path = ActorManager.h; sourceTree = "<group>"; };
		0CA778FA1AC41FF900CB5FA5 /* Actor.cpp */ = {isa = PBXFileReference; fileEncoding = 4; lastKnownFileType = sourcecode.cpp.cpp; path = Actor.cpp; sourceTree = "<group>"; };
		0CA778FB1AC41FF900CB5FA5 /* Actor.h */ = {isa = PBXFileReference; fileEncoding = 4; lastKnownFileType = sourcecode.c.h; path = Actor.h; sourceTree = "<group>"; };
		0CA778FD1AC4200A00CB5FA5 /* ActorComponent.cpp */ = {isa = PBXFileReference; fileEncoding = 4; lastKnownFileType = sourcecode.cpp.cpp; path = ActorComponent.cpp; sourceTree = "<group>"; };
		0CA778FE1AC4200A00CB5FA5 /* ActorComponent.h */ = {isa = PBXFileReference; fileEncoding = 4; lastKnownFileType = sourcecode.c.h; path = ActorComponent.h; sourceTree = "<group>"; };
		0CA779011AC4382100CB5FA5 /* PhysicsComponent.cpp */ = {isa = PBXFileReference; fileEncoding = 4; lastKnownFileType = sourcecode.cpp.cpp; name = PhysicsComponent.cpp; path = Components/PhysicsComponent.cpp; sourceTree = "<group>"; };
		0CA779021AC4382100CB5FA5 /* PhysicsComponent.h */ = {isa = PBXFileReference; fileEncoding = 4; lastKnownFileType = sourcecode.c.h; name = PhysicsComponent.h; path = Components/PhysicsComponent.h; sourceTree = "<group>"; };
		0CA779041AC467A000CB5FA5 /* TransformComponent.cpp */ = {isa = PBXFileReference; fileEncoding = 4; lastKnownFileType = sourcecode.cpp.cpp; name = TransformComponent.cpp; path = Components/TransformComponent.cpp; sourceTree = "<group>"; };
		0CA779051AC467A000CB5FA5 /* TransformComponent.h */ = {isa = PBXFileReference; fileEncoding = 4; lastKnownFileType = sourcecode.c.h; name = TransformComponent.h; path = Components/TransformComponent.h; sourceTree = "<group>"; };
		0CA779071AC46C0700CB5FA5 /* ViewComponent.cpp */ = {isa = PBXFileReference; fileEncoding = 4; lastKnownFileType = sourcecode.cpp.cpp; name = ViewComponent.cpp; path = Components/ViewComponent.cpp; sourceTree = "<group>"; };
		0CA779081AC46C0700CB5FA5 /* ViewComponent.h */ = {isa = PBXFileReference; fileEncoding = 4; lastKnownFileType = sourcecode.c.h; name = ViewComponent.h; path = Components/ViewComponent.h; sourceTree = "<group>"; };
		0CB3E8981AD3BF6700F75732 /* ViewNode.cpp */ = {isa = PBXFileReference; fileEncoding = 4; lastKnownFileType = sourcecode.cpp.cpp; path = ViewNode.cpp; sourceTree = "<group>"; };
		0CB3E8991AD3BF6700F75732 /* ViewNode.h */ = {isa = PBXFileReference; fileEncoding = 4; lastKnownFileType = sourcecode.c.h; path = ViewNode.h; sourceTree = "<group>"; };
		0CCC4C761ACFAF2900CA2203 /* Chartboost.framework */ = {isa = PBXFileReference; lastKnownFileType = wrapper.framework; name = Chartboost.framework; path = ../../3rdParty/Monetize/Chartboost/Chartboost.framework; sourceTree = "<group>"; };
		0CCC4C7D1ACFAF7700CA2203 /* UIKit.framework */ = {isa = PBXFileReference; lastKnownFileType = wrapper.framework; name = UIKit.framework; path = System/Library/Frameworks/UIKit.framework; sourceTree = SDKROOT; };
		0CCC4C7F1ACFAF7E00CA2203 /* Foundation.framework */ = {isa = PBXFileReference; lastKnownFileType = wrapper.framework; name = Foundation.framework; path = System/Library/Frameworks/Foundation.framework; sourceTree = SDKROOT; };
		0CCC4C811ACFAF8400CA2203 /* StoreKit.framework */ = {isa = PBXFileReference; lastKnownFileType = wrapper.framework; name = StoreKit.framework; path = System/Library/Frameworks/StoreKit.framework; sourceTree = SDKROOT; };
		0CCC4C831ACFAF8D00CA2203 /* CoreGraphics.framework */ = {isa = PBXFileReference; lastKnownFileType = wrapper.framework; name = CoreGraphics.framework; path = System/Library/Frameworks/CoreGraphics.framework; sourceTree = SDKROOT; };
		0CCC4C861ACFD19800CA2203 /* AdsStub.cpp */ = {isa = PBXFileReference; fileEncoding = 4; lastKnownFileType = sourcecode.cpp.cpp; path = AdsStub.cpp; sourceTree = "<group>"; };
		0CCC4C871ACFD19800CA2203 /* AdsStub.h */ = {isa = PBXFileReference; fileEncoding = 4; lastKnownFileType = sourcecode.c.h; path = AdsStub.h; sourceTree = "<group>"; };
		0CCC4C8E1ACFD47E00CA2203 /* Chartboost.framework */ = {isa = PBXFileReference; lastKnownFileType = wrapper.framework; name = Chartboost.framework; path = ../../3rdParty/Monetize/Chartboost/iOS/Chartboost.framework; sourceTree = "<group>"; };
		0CFB103F1AC3216F000217A8 /* View2DFactory.cpp */ = {isa = PBXFileReference; fileEncoding = 4; lastKnownFileType = sourcecode.cpp.cpp; path = View2DFactory.cpp; sourceTree = "<group>"; };
		0CFB10401AC3216F000217A8 /* View2DFactory.h */ = {isa = PBXFileReference; fileEncoding = 4; lastKnownFileType = sourcecode.c.h; path = View2DFactory.h; sourceTree = "<group>"; };
/* End PBXFileReference section */

/* Begin PBXFrameworksBuildPhase section */
		0C2758431AB40DEE00F18283 /* Frameworks */ = {
			isa = PBXFrameworksBuildPhase;
			buildActionMask = 2147483647;
			files = (
				0CCC4C8F1ACFD47E00CA2203 /* Chartboost.framework in Frameworks */,
				0CCC4C841ACFAF8D00CA2203 /* CoreGraphics.framework in Frameworks */,
				0C55490F1AE148AE00CEB957 /* FBSDKShareKit.framework in Frameworks */,
				0CCC4C821ACFAF8400CA2203 /* StoreKit.framework in Frameworks */,
				0CCC4C801ACFAF7E00CA2203 /* Foundation.framework in Frameworks */,
				0C55490E1AE148AE00CEB957 /* FBSDKLoginKit.framework in Frameworks */,
				0CCC4C7E1ACFAF7700CA2203 /* UIKit.framework in Frameworks */,
				0C2F3F851AC70B9B00D66B2C /* libBox2D.a in Frameworks */,
				0C275A4C1AB4141000F18283 /* OpenAL.framework in Frameworks */,
				0C275A4A1AB4140900F18283 /* OpenGLES.framework in Frameworks */,
				0C55490D1AE148AE00CEB957 /* FBSDKCoreKit.framework in Frameworks */,
				0C275A471AB4128800F18283 /* libPennerEasing.a in Frameworks */,
				0C275A021AB4123F00F18283 /* libtinyxml2.a in Frameworks */,
				0C275A011AB4123D00F18283 /* libpng.a in Frameworks */,
				0C275A001AB4123900F18283 /* libvorbis.a in Frameworks */,
			);
			runOnlyForDeploymentPostprocessing = 0;
		};
		0C27584E1AB40DEF00F18283 /* Frameworks */ = {
			isa = PBXFrameworksBuildPhase;
			buildActionMask = 2147483647;
			files = (
				0C2758521AB40DEF00F18283 /* libFEngine.a in Frameworks */,
			);
			runOnlyForDeploymentPostprocessing = 0;
		};
/* End PBXFrameworksBuildPhase section */

/* Begin PBXGroup section */
		0C00778D1AF0B6A60019CC10 /* Serialize */ = {
			isa = PBXGroup;
			children = (
				0C00778E1AF0B6A60019CC10 /* Serialize.h */,
				0C0077911AF0B6A60019CC10 /* SerializeStub.cpp */,
				0C0077921AF0B6A60019CC10 /* SerializeStub.h */,
			);
			path = Serialize;
			sourceTree = "<group>";
		};
		0C27448F1ACF209D00D1C4A7 /* Monetize */ = {
			isa = PBXGroup;
			children = (
				0C2744901ACF209D00D1C4A7 /* Ads */,
				0C2744911ACF209D00D1C4A7 /* IAP */,
				0C2744981ACF20F300D1C4A7 /* Ads.h */,
			);
			path = Monetize;
			sourceTree = "<group>";
		};
		0C2744901ACF209D00D1C4A7 /* Ads */ = {
			isa = PBXGroup;
			children = (
				0C27449A1ACF214A00D1C4A7 /* ChartBoostAdsiOS.mm */,
				0C27449B1ACF214A00D1C4A7 /* ChartBoostAdsiOS.h */,
				0CCC4C861ACFD19800CA2203 /* AdsStub.cpp */,
				0CCC4C871ACFD19800CA2203 /* AdsStub.h */,
			);
			path = Ads;
			sourceTree = "<group>";
		};
		0C2744911ACF209D00D1C4A7 /* IAP */ = {
			isa = PBXGroup;
			children = (
			);
			path = IAP;
			sourceTree = "<group>";
		};
		0C27583D1AB40DEE00F18283 = {
			isa = PBXGroup;
			children = (
				0C2758641AB40FD400F18283 /* 3rdParty */,
				0C79513C1AB85EF80010DA81 /* FEngine */,
				0C2758551AB40DEF00F18283 /* FEngineTests */,
				0C275A481AB413F700F18283 /* Frameworks */,
				0C2758471AB40DEE00F18283 /* Products */,
			);
			sourceTree = "<group>";
		};
		0C2758471AB40DEE00F18283 /* Products */ = {
			isa = PBXGroup;
			children = (
				0C2758461AB40DEE00F18283 /* libFEngine.a */,
				0C2758511AB40DEF00F18283 /* FEngineTests.xctest */,
			);
			name = Products;
			sourceTree = "<group>";
		};
		0C2758551AB40DEF00F18283 /* FEngineTests */ = {
			isa = PBXGroup;
			children = (
				0C2758561AB40DEF00F18283 /* Supporting Files */,
			);
			path = FEngineTests;
			sourceTree = "<group>";
		};
		0C2758561AB40DEF00F18283 /* Supporting Files */ = {
			isa = PBXGroup;
			children = (
				0C2758571AB40DEF00F18283 /* Info.plist */,
			);
			name = "Supporting Files";
			sourceTree = "<group>";
		};
		0C2758641AB40FD400F18283 /* 3rdParty */ = {
			isa = PBXGroup;
			children = (
				0C2F3EE81AC70B4D00D66B2C /* Box2D.xcodeproj */,
				0C2758881AB410B500F18283 /* png.xcodeproj */,
				0C2758E01AB410D300F18283 /* vorbis.xcodeproj */,
				0C2759381AB410EF00F18283 /* tinyxml2.xcodeproj */,
				0C275A261AB4125800F18283 /* PennerEasing.xcodeproj */,
			);
			name = 3rdParty;
			sourceTree = "<group>";
		};
		0C2758891AB410B500F18283 /* Products */ = {
			isa = PBXGroup;
			children = (
				0C27588E1AB410B600F18283 /* libpng.a */,
				0C2758901AB410B600F18283 /* pngTests.xctest */,
			);
			name = Products;
			sourceTree = "<group>";
		};
		0C2758E11AB410D300F18283 /* Products */ = {
			isa = PBXGroup;
			children = (
				0C2758E61AB410D400F18283 /* libvorbis.a */,
				0C2758E81AB410D400F18283 /* vorbisTests.xctest */,
			);
			name = Products;
			sourceTree = "<group>";
		};
		0C2759391AB410EF00F18283 /* Products */ = {
			isa = PBXGroup;
			children = (
				0C27593E1AB410F100F18283 /* libtinyxml2.a */,
				0C2759401AB410F100F18283 /* tinyxml2Tests.xctest */,
			);
			name = Products;
			sourceTree = "<group>";
		};
		0C275A271AB4125800F18283 /* Products */ = {
			isa = PBXGroup;
			children = (
				0C275A2C1AB4125900F18283 /* libPennerEasing.a */,
				0C275A2E1AB4125900F18283 /* PennerEasingTests.xctest */,
			);
			name = Products;
			sourceTree = "<group>";
		};
		0C275A481AB413F700F18283 /* Frameworks */ = {
			isa = PBXGroup;
			children = (
				0C55490A1AE148AE00CEB957 /* FBSDKCoreKit.framework */,
				0C55490B1AE148AE00CEB957 /* FBSDKLoginKit.framework */,
				0C55490C1AE148AE00CEB957 /* FBSDKShareKit.framework */,
				0CCC4C8E1ACFD47E00CA2203 /* Chartboost.framework */,
				0CCC4C831ACFAF8D00CA2203 /* CoreGraphics.framework */,
				0CCC4C811ACFAF8400CA2203 /* StoreKit.framework */,
				0CCC4C7F1ACFAF7E00CA2203 /* Foundation.framework */,
				0CCC4C7D1ACFAF7700CA2203 /* UIKit.framework */,
				0CCC4C761ACFAF2900CA2203 /* Chartboost.framework */,
				0C275A4B1AB4141000F18283 /* OpenAL.framework */,
				0C275A491AB4140900F18283 /* OpenGLES.framework */,
			);
			name = Frameworks;
			sourceTree = "<group>";
		};
		0C2F3E951AC7094200D66B2C /* PhysicsManager */ = {
			isa = PBXGroup;
			children = (
				0C2F3F961AC72B3200D66B2C /* PhysicsManager.cpp */,
				0C2F3F971AC72B3200D66B2C /* PhysicsManager.h */,
				0C02FAC21ACC294D0052884B /* GLES2DebugDraw.cpp */,
				0C02FAC31ACC294D0052884B /* GLES2DebugDraw.h */,
			);
			name = PhysicsManager;
			sourceTree = "<group>";
		};
		0C2F3EE91AC70B4D00D66B2C /* Products */ = {
			isa = PBXGroup;
			children = (
				0C2F3EEE1AC70B4E00D66B2C /* libBox2D.a */,
				0C2F3EF01AC70B4E00D66B2C /* Box2DTests.xctest */,
			);
			name = Products;
			sourceTree = "<group>";
		};
		0C322CFA1ADBFBCA000C857F /* Debugging */ = {
			isa = PBXGroup;
			children = (
				0C322CFB1ADBFC28000C857F /* Log.h */,
				0C322CFC1ADBFCE3000C857F /* Log.cpp */,
				0C322CFE1ADBFE35000C857F /* LogDefault.cpp */,
				0C322CFF1ADBFE35000C857F /* LogDefault.h */,
			);
			name = Debugging;
			sourceTree = "<group>";
		};
		0C3F26131ABD1AB7002DCB5A /* Factories */ = {
			isa = PBXGroup;
			children = (
				0C3F26141ABD1ACD002DCB5A /* TextureAtlasFactory.cpp */,
				0C3F26151ABD1ACD002DCB5A /* TextureAtlasFactory.h */,
				0C3F26171ABD1ADC002DCB5A /* ProgramFactory.cpp */,
				0C3F26181ABD1ADC002DCB5A /* ProgramFactory.h */,
				0C3F261A1ABD1AEF002DCB5A /* SpriteNodeFactory.cpp */,
				0C3F261B1ABD1AEF002DCB5A /* SpriteNodeFactory.h */,
				0CFB103F1AC3216F000217A8 /* View2DFactory.cpp */,
				0CFB10401AC3216F000217A8 /* View2DFactory.h */,
				0CA778F01AC3E9EE00CB5FA5 /* ActorFactory.cpp */,
				0CA778F11AC3E9EE00CB5FA5 /* ActorFactory.h */,
				0C2F3F861AC71FDB00D66B2C /* PhysicsFactory.cpp */,
				0C2F3F871AC71FDB00D66B2C /* PhysicsFactory.h */,
			);
			path = Factories;
			sourceTree = "<group>";
		};
		0C5548FB1AE1474700CEB957 /* Social */ = {
			isa = PBXGroup;
			children = (
				0C5549011AE1477600CEB957 /* Facebook.cpp */,
				0C5549021AE1477600CEB957 /* Facebook.h */,
				0C5549041AE1478800CEB957 /* FacebookiOS.mm */,
				0C5549051AE1478800CEB957 /* FacebookiOS.h */,
				0C5549101AE14FDE00CEB957 /* FacebookStub.cpp */,
				0C5549111AE14FDE00CEB957 /* FacebookStub.h */,
				0C1D9E081AE9AFF50085251F /* BasicShare.cpp */,
				0C1D9E091AE9AFF50085251F /* BasicShare.h */,
				0C1D9E101AE9B0070085251F /* BasicShareiOS.mm */,
				0C1D9E111AE9B0070085251F /* BasicShareiOS.h */,
			);
			name = Social;
			sourceTree = "<group>";
		};
		0C68A7A61ACA66850087A197 /* MemoryManager */ = {
			isa = PBXGroup;
			children = (
				0C68A7AC1ACA669E0087A197 /* MemoryManager.cpp */,
				0C68A7AD1ACA669E0087A197 /* MemoryManager.h */,
				0C68A7AF1ACA66D70087A197 /* ActorPool.cpp */,
				0C68A7B01ACA66D70087A197 /* ActorPool.h */,
			);
			name = MemoryManager;
			sourceTree = "<group>";
		};
		0C79513C1AB85EF80010DA81 /* FEngine */ = {
			isa = PBXGroup;
			children = (
				0C79513F1AB85EF80010DA81 /* Common.h */,
				0C7951421AB85EF80010DA81 /* PointerDefs.h */,
				0C79513D1AB85EF80010DA81 /* 2D */,
				0C79513E1AB85EF80010DA81 /* 3D */,
				0CE399E91AB9EAFE00350E8C /* ActorManager */,
				0C322CFA1ADBFBCA000C857F /* Debugging */,
				0C7951411AB85EF80010DA81 /* EventDispatcher */,
				0C68A7A61ACA66850087A197 /* MemoryManager */,
				0C27448F1ACF209D00D1C4A7 /* Monetize */,
				0C2F3E951AC7094200D66B2C /* PhysicsManager */,
				0C7951431AB85EF80010DA81 /* ProcessScheduler */,
				0C79514A1AB85EF80010DA81 /* Renderer */,
				0C79514B1AB85EF80010DA81 /* ResourceCache */,
				0C00778D1AF0B6A60019CC10 /* Serialize */,
				0C5548FB1AE1474700CEB957 /* Social */,
				0C7951571AB85EF80010DA81 /* SoundManager */,
				0C7951581AB85EF80010DA81 /* StateManager */,
				0C79515D1AB85EF80010DA81 /* System */,
				0C7951621AB85EF80010DA81 /* Utility */,
			);
			name = FEngine;
			path = ../../FEngine;
			sourceTree = "<group>";
		};
		0C79513D1AB85EF80010DA81 /* 2D */ = {
			isa = PBXGroup;
			children = (
				0C8C24F11ABC74FD00C77AAF /* SceneNodeProperties2D.cpp */,
				0C8C24F21ABC74FD00C77AAF /* SceneNodeProperties2D.h */,
				0C8C24D91ABBF60C00C77AAF /* RootSceneNode2D.cpp */,
				0C8C24DA1ABBF60C00C77AAF /* RootSceneNode2D.h */,
				0C8C24E01ABBF61A00C77AAF /* SceneNode2D.cpp */,
				0C8C24E11ABBF61A00C77AAF /* SceneNode2D.h */,
				0C8C24E31ABC715900C77AAF /* SpriteNode.cpp */,
				0C8C24E41ABC715900C77AAF /* SpriteNode.h */,
				0CB3E8981AD3BF6700F75732 /* ViewNode.cpp */,
				0CB3E8991AD3BF6700F75732 /* ViewNode.h */,
				0C3F26091ABD078F002DCB5A /* Texture.cpp */,
				0C3F260A1ABD078F002DCB5A /* Texture.h */,
				0C3F260B1ABD078F002DCB5A /* TextureAtlas.cpp */,
				0C3F260C1ABD078F002DCB5A /* TextureAtlas.h */,
				0C2F3E841AC6F46300D66B2C /* DebugBoxNode2D.cpp */,
				0C2F3E851AC6F46300D66B2C /* DebugBoxNode2D.h */,
				0C2F3E871AC6F47400D66B2C /* DebugCircleNode2D.cpp */,
				0C2F3E881AC6F47400D66B2C /* DebugCircleNode2D.h */,
				0C322CF21ADBFAE6000C857F /* Camera.cpp */,
				0C322CF31ADBFAE6000C857F /* Camera.h */,
			);
			path = 2D;
			sourceTree = "<group>";
		};
		0C79513E1AB85EF80010DA81 /* 3D */ = {
			isa = PBXGroup;
			children = (
			);
			path = 3D;
			sourceTree = "<group>";
		};
		0C7951411AB85EF80010DA81 /* EventDispatcher */ = {
			isa = PBXGroup;
			children = (
				0C79518E1AB8A4DE0010DA81 /* Event.cpp */,
				0C79518F1AB8A4DE0010DA81 /* Event.h */,
				0C7951911AB8A4F10010DA81 /* EventDispatcher.cpp */,
				0C7951921AB8A4F10010DA81 /* EventDispatcher.h */,
				0C7951941AB8A5020010DA81 /* DefaultEvents.cpp */,
				0C7951951AB8A5020010DA81 /* DefaultEvents.h */,
			);
			path = EventDispatcher;
			sourceTree = "<group>";
		};
		0C7951431AB85EF80010DA81 /* ProcessScheduler */ = {
			isa = PBXGroup;
			children = (
				0C7951441AB85EF80010DA81 /* DefaultProcesses.cpp */,
				0C7951451AB85EF80010DA81 /* DefaultProcesses.h */,
				0C7951461AB85EF80010DA81 /* Process.cpp */,
				0C7951471AB85EF80010DA81 /* Process.h */,
				0C7951481AB85EF80010DA81 /* ProcessScheduler.cpp */,
				0C7951491AB85EF80010DA81 /* ProcessScheduler.h */,
			);
			path = ProcessScheduler;
			sourceTree = "<group>";
		};
		0C79514A1AB85EF80010DA81 /* Renderer */ = {
			isa = PBXGroup;
			children = (
				0C8C24F71ABC9AC100C77AAF /* DX11 */,
				0C8C24F81ABC9AC100C77AAF /* GL31 */,
				0C8C24F91ABC9AC100C77AAF /* GLES20 */,
				0C3F261D1ABD580F002DCB5A /* VertexDefinitions.h */,
			);
			path = Renderer;
			sourceTree = "<group>";
		};
		0C79514B1AB85EF80010DA81 /* ResourceCache */ = {
			isa = PBXGroup;
			children = (
				0C3F26131ABD1AB7002DCB5A /* Factories */,
				0C79514C1AB85EF80010DA81 /* IOManager.h */,
				0C79514F1AB85EF80010DA81 /* IOManagerDefault.cpp */,
				0C7951501AB85EF80010DA81 /* IOManagerDefault.h */,
				0C8C24F41ABC994200C77AAF /* ResourceCache.cpp */,
				0C8C24F51ABC994200C77AAF /* ResourceCache.h */,
			);
			path = ResourceCache;
			sourceTree = "<group>";
		};
		0C7951571AB85EF80010DA81 /* SoundManager */ = {
			isa = PBXGroup;
			children = (
				0C9EABF01AD576AF00A40098 /* SoundManager.cpp */,
				0C9EABF11AD576AF00A40098 /* SoundManager.h */,
			);
			path = SoundManager;
			sourceTree = "<group>";
		};
		0C7951581AB85EF80010DA81 /* StateManager */ = {
			isa = PBXGroup;
			children = (
				0C7951591AB85EF80010DA81 /* State.cpp */,
				0C79515A1AB85EF80010DA81 /* State.h */,
				0C79515B1AB85EF80010DA81 /* StateManager.cpp */,
				0C79515C1AB85EF80010DA81 /* StateManager.h */,
			);
			path = StateManager;
			sourceTree = "<group>";
		};
		0C79515D1AB85EF80010DA81 /* System */ = {
			isa = PBXGroup;
			children = (
				0C79515E1AB85EF80010DA81 /* App.cpp */,
				0C79515F1AB85EF80010DA81 /* App.h */,
				0C7951601AB85EF80010DA81 /* SystemConfig.cpp */,
				0C7951611AB85EF80010DA81 /* SystemConfig.h */,
			);
			path = System;
			sourceTree = "<group>";
		};
		0C7951621AB85EF80010DA81 /* Utility */ = {
			isa = PBXGroup;
			children = (
				0C3F261E1ABD82A4002DCB5A /* Math.cpp */,
				0C7951631AB85EF80010DA81 /* Math.h */,
				0C7951641AB85EF80010DA81 /* SmartPtr.cpp */,
				0C7951651AB85EF80010DA81 /* SmartPtr.h */,
				0C8685291ADD9AD7009CA2AC /* String.cpp */,
				0C86852A1ADD9AD7009CA2AC /* String.h */,
			);
			path = Utility;
			sourceTree = "<group>";
		};
		0C8C24F71ABC9AC100C77AAF /* DX11 */ = {
			isa = PBXGroup;
			children = (
			);
			path = DX11;
			sourceTree = "<group>";
		};
		0C8C24F81ABC9AC100C77AAF /* GL31 */ = {
			isa = PBXGroup;
			children = (
			);
			path = GL31;
			sourceTree = "<group>";
		};
		0C8C24F91ABC9AC100C77AAF /* GLES20 */ = {
			isa = PBXGroup;
			children = (
				0C8C24FA1ABC9AC100C77AAF /* Program.cpp */,
				0C8C24FB1ABC9AC100C77AAF /* Program.h */,
				0C8C24FC1ABC9AC100C77AAF /* TexturedVertexProgram.cpp */,
				0C8C24FD1ABC9AC100C77AAF /* TexturedVertexProgram.h */,
				0C2F3E811AC6DA8600D66B2C /* SimpleVertex2DProgram.cpp */,
				0C2F3E821AC6DA8600D66B2C /* SimpleVertex2DProgram.h */,
			);
			path = GLES20;
			sourceTree = "<group>";
		};
		0CA779001AC437D600CB5FA5 /* Components */ = {
			isa = PBXGroup;
			children = (
				0CA779011AC4382100CB5FA5 /* PhysicsComponent.cpp */,
				0CA779021AC4382100CB5FA5 /* PhysicsComponent.h */,
				0CA779041AC467A000CB5FA5 /* TransformComponent.cpp */,
				0CA779051AC467A000CB5FA5 /* TransformComponent.h */,
				0CA779071AC46C0700CB5FA5 /* ViewComponent.cpp */,
				0CA779081AC46C0700CB5FA5 /* ViewComponent.h */,
				0CA375861AC5230C001C8EDE /* InputComponent.cpp */,
				0CA375871AC5230C001C8EDE /* InputComponent.h */,
			);
			name = Components;
			sourceTree = "<group>";
		};
		0CE399E91AB9EAFE00350E8C /* ActorManager */ = {
			isa = PBXGroup;
			children = (
				0CA779001AC437D600CB5FA5 /* Components */,
				0CA778F71AC41FEA00CB5FA5 /* ActorManager.cpp */,
				0CA778F81AC41FEA00CB5FA5 /* ActorManager.h */,
				0CA778FA1AC41FF900CB5FA5 /* Actor.cpp */,
				0CA778FB1AC41FF900CB5FA5 /* Actor.h */,
				0CA778FD1AC4200A00CB5FA5 /* ActorComponent.cpp */,
				0CA778FE1AC4200A00CB5FA5 /* ActorComponent.h */,
			);
			path = ActorManager;
			sourceTree = "<group>";
		};
/* End PBXGroup section */

/* Begin PBXNativeTarget section */
		0C2758451AB40DEE00F18283 /* FEngine */ = {
			isa = PBXNativeTarget;
			buildConfigurationList = 0C27585A1AB40DEF00F18283 /* Build configuration list for PBXNativeTarget "FEngine" */;
			buildPhases = (
				0C2758421AB40DEE00F18283 /* Sources */,
				0C2758431AB40DEE00F18283 /* Frameworks */,
				0C2758441AB40DEE00F18283 /* CopyFiles */,
			);
			buildRules = (
			);
			dependencies = (
				0C2F3F841AC70B9500D66B2C /* PBXTargetDependency */,
				0C275A461AB4128500F18283 /* PBXTargetDependency */,
				0C2759FF1AB4123400F18283 /* PBXTargetDependency */,
				0C2759FD1AB4123100F18283 /* PBXTargetDependency */,
				0C2759FB1AB4122E00F18283 /* PBXTargetDependency */,
			);
			name = FEngine;
			productName = FEngine;
			productReference = 0C2758461AB40DEE00F18283 /* libFEngine.a */;
			productType = "com.apple.product-type.library.static";
		};
		0C2758501AB40DEF00F18283 /* FEngineTests */ = {
			isa = PBXNativeTarget;
			buildConfigurationList = 0C27585D1AB40DEF00F18283 /* Build configuration list for PBXNativeTarget "FEngineTests" */;
			buildPhases = (
				0C27584D1AB40DEF00F18283 /* Sources */,
				0C27584E1AB40DEF00F18283 /* Frameworks */,
				0C27584F1AB40DEF00F18283 /* Resources */,
			);
			buildRules = (
			);
			dependencies = (
				0C2758541AB40DEF00F18283 /* PBXTargetDependency */,
			);
			name = FEngineTests;
			productName = FEngineTests;
			productReference = 0C2758511AB40DEF00F18283 /* FEngineTests.xctest */;
			productType = "com.apple.product-type.bundle.unit-test";
		};
/* End PBXNativeTarget section */

/* Begin PBXProject section */
		0C27583E1AB40DEE00F18283 /* Project object */ = {
			isa = PBXProject;
			attributes = {
				LastUpgradeCheck = 0610;
				ORGANIZATIONNAME = "Fakhir Shaheen";
				TargetAttributes = {
					0C2758451AB40DEE00F18283 = {
						CreatedOnToolsVersion = 6.1.1;
					};
					0C2758501AB40DEF00F18283 = {
						CreatedOnToolsVersion = 6.1.1;
					};
				};
			};
			buildConfigurationList = 0C2758411AB40DEE00F18283 /* Build configuration list for PBXProject "FEngine" */;
			compatibilityVersion = "Xcode 3.2";
			developmentRegion = English;
			hasScannedForEncodings = 0;
			knownRegions = (
				en,
			);
			mainGroup = 0C27583D1AB40DEE00F18283;
			productRefGroup = 0C2758471AB40DEE00F18283 /* Products */;
			projectDirPath = "";
			projectReferences = (
				{
					ProductGroup = 0C2F3EE91AC70B4D00D66B2C /* Products */;
					ProjectRef = 0C2F3EE81AC70B4D00D66B2C /* Box2D.xcodeproj */;
				},
				{
					ProductGroup = 0C275A271AB4125800F18283 /* Products */;
					ProjectRef = 0C275A261AB4125800F18283 /* PennerEasing.xcodeproj */;
				},
				{
					ProductGroup = 0C2758891AB410B500F18283 /* Products */;
					ProjectRef = 0C2758881AB410B500F18283 /* png.xcodeproj */;
				},
				{
					ProductGroup = 0C2759391AB410EF00F18283 /* Products */;
					ProjectRef = 0C2759381AB410EF00F18283 /* tinyxml2.xcodeproj */;
				},
				{
					ProductGroup = 0C2758E11AB410D300F18283 /* Products */;
					ProjectRef = 0C2758E01AB410D300F18283 /* vorbis.xcodeproj */;
				},
			);
			projectRoot = "";
			targets = (
				0C2758451AB40DEE00F18283 /* FEngine */,
				0C2758501AB40DEF00F18283 /* FEngineTests */,
			);
		};
/* End PBXProject section */

/* Begin PBXReferenceProxy section */
		0C27588E1AB410B600F18283 /* libpng.a */ = {
			isa = PBXReferenceProxy;
			fileType = archive.ar;
			path = libpng.a;
			remoteRef = 0C27588D1AB410B600F18283 /* PBXContainerItemProxy */;
			sourceTree = BUILT_PRODUCTS_DIR;
		};
		0C2758901AB410B600F18283 /* pngTests.xctest */ = {
			isa = PBXReferenceProxy;
			fileType = wrapper.cfbundle;
			path = pngTests.xctest;
			remoteRef = 0C27588F1AB410B600F18283 /* PBXContainerItemProxy */;
			sourceTree = BUILT_PRODUCTS_DIR;
		};
		0C2758E61AB410D400F18283 /* libvorbis.a */ = {
			isa = PBXReferenceProxy;
			fileType = archive.ar;
			path = libvorbis.a;
			remoteRef = 0C2758E51AB410D400F18283 /* PBXContainerItemProxy */;
			sourceTree = BUILT_PRODUCTS_DIR;
		};
		0C2758E81AB410D400F18283 /* vorbisTests.xctest */ = {
			isa = PBXReferenceProxy;
			fileType = wrapper.cfbundle;
			path = vorbisTests.xctest;
			remoteRef = 0C2758E71AB410D400F18283 /* PBXContainerItemProxy */;
			sourceTree = BUILT_PRODUCTS_DIR;
		};
		0C27593E1AB410F100F18283 /* libtinyxml2.a */ = {
			isa = PBXReferenceProxy;
			fileType = archive.ar;
			path = libtinyxml2.a;
			remoteRef = 0C27593D1AB410F100F18283 /* PBXContainerItemProxy */;
			sourceTree = BUILT_PRODUCTS_DIR;
		};
		0C2759401AB410F100F18283 /* tinyxml2Tests.xctest */ = {
			isa = PBXReferenceProxy;
			fileType = wrapper.cfbundle;
			path = tinyxml2Tests.xctest;
			remoteRef = 0C27593F1AB410F100F18283 /* PBXContainerItemProxy */;
			sourceTree = BUILT_PRODUCTS_DIR;
		};
		0C275A2C1AB4125900F18283 /* libPennerEasing.a */ = {
			isa = PBXReferenceProxy;
			fileType = archive.ar;
			path = libPennerEasing.a;
			remoteRef = 0C275A2B1AB4125900F18283 /* PBXContainerItemProxy */;
			sourceTree = BUILT_PRODUCTS_DIR;
		};
		0C275A2E1AB4125900F18283 /* PennerEasingTests.xctest */ = {
			isa = PBXReferenceProxy;
			fileType = wrapper.cfbundle;
			path = PennerEasingTests.xctest;
			remoteRef = 0C275A2D1AB4125900F18283 /* PBXContainerItemProxy */;
			sourceTree = BUILT_PRODUCTS_DIR;
		};
		0C2F3EEE1AC70B4E00D66B2C /* libBox2D.a */ = {
			isa = PBXReferenceProxy;
			fileType = archive.ar;
			path = libBox2D.a;
			remoteRef = 0C2F3EED1AC70B4E00D66B2C /* PBXContainerItemProxy */;
			sourceTree = BUILT_PRODUCTS_DIR;
		};
		0C2F3EF01AC70B4E00D66B2C /* Box2DTests.xctest */ = {
			isa = PBXReferenceProxy;
			fileType = wrapper.cfbundle;
			path = Box2DTests.xctest;
			remoteRef = 0C2F3EEF1AC70B4E00D66B2C /* PBXContainerItemProxy */;
			sourceTree = BUILT_PRODUCTS_DIR;
		};
/* End PBXReferenceProxy section */

/* Begin PBXResourcesBuildPhase section */
		0C27584F1AB40DEF00F18283 /* Resources */ = {
			isa = PBXResourcesBuildPhase;
			buildActionMask = 2147483647;
			files = (
			);
			runOnlyForDeploymentPostprocessing = 0;
		};
/* End PBXResourcesBuildPhase section */

/* Begin PBXSourcesBuildPhase section */
		0C2758421AB40DEE00F18283 /* Sources */ = {
			isa = PBXSourcesBuildPhase;
			buildActionMask = 2147483647;
			files = (
				0C7951661AB85EF80010DA81 /* DefaultProcesses.cpp in Sources */,
				0C5549061AE1478800CEB957 /* FacebookiOS.mm in Sources */,
				0C1D9E121AE9B0070085251F /* BasicShareiOS.mm in Sources */,
				0CA778FC1AC41FF900CB5FA5 /* Actor.cpp in Sources */,
				0CA778F91AC41FEA00CB5FA5 /* ActorManager.cpp in Sources */,
				0C322D001ADBFE35000C857F /* LogDefault.cpp in Sources */,
				0C2F3E891AC6F47400D66B2C /* DebugCircleNode2D.cpp in Sources */,
				0C8C24F31ABC74FD00C77AAF /* SceneNodeProperties2D.cpp in Sources */,
				0C02FAC41ACC294D0052884B /* GLES2DebugDraw.cpp in Sources */,
				0CA375881AC5230C001C8EDE /* InputComponent.cpp in Sources */,
				0C7951931AB8A4F10010DA81 /* EventDispatcher.cpp in Sources */,
				0C8C24DB1ABBF60C00C77AAF /* RootSceneNode2D.cpp in Sources */,
				0C8C24FF1ABC9AC100C77AAF /* TexturedVertexProgram.cpp in Sources */,
				0C3F260D1ABD078F002DCB5A /* Texture.cpp in Sources */,
				0C2F3F881AC71FDB00D66B2C /* PhysicsFactory.cpp in Sources */,
				0CA779031AC4382100CB5FA5 /* PhysicsComponent.cpp in Sources */,
				0C7951671AB85EF80010DA81 /* Process.cpp in Sources */,
				0C7951901AB8A4DE0010DA81 /* Event.cpp in Sources */,
				0C7951701AB85EF80010DA81 /* App.cpp in Sources */,
				0C3F261F1ABD82A4002DCB5A /* Math.cpp in Sources */,
				0C79516A1AB85EF80010DA81 /* IOManagerDefault.cpp in Sources */,
				0C5549121AE14FDE00CEB957 /* FacebookStub.cpp in Sources */,
				0C27449C1ACF214A00D1C4A7 /* ChartBoostAdsiOS.mm in Sources */,
				0C7951721AB85EF80010DA81 /* SmartPtr.cpp in Sources */,
				0C3F261C1ABD1AEF002DCB5A /* SpriteNodeFactory.cpp in Sources */,
				0C8C24E21ABBF61A00C77AAF /* SceneNode2D.cpp in Sources */,
				0C7951711AB85EF80010DA81 /* SystemConfig.cpp in Sources */,
				0C5549031AE1477600CEB957 /* Facebook.cpp in Sources */,
				0C9EABF21AD576AF00A40098 /* SoundManager.cpp in Sources */,
				0C7951961AB8A5020010DA81 /* DefaultEvents.cpp in Sources */,
				0C2F3E861AC6F46300D66B2C /* DebugBoxNode2D.cpp in Sources */,
				0C3F26191ABD1ADC002DCB5A /* ProgramFactory.cpp in Sources */,
				0C68A7B11ACA66D70087A197 /* ActorPool.cpp in Sources */,
				0C2F3E831AC6DA8600D66B2C /* SimpleVertex2DProgram.cpp in Sources */,
				0C8C24FE1ABC9AC100C77AAF /* Program.cpp in Sources */,
				0C79516F1AB85EF80010DA81 /* StateManager.cpp in Sources */,
				0C86852B1ADD9AD7009CA2AC /* String.cpp in Sources */,
				0CA779061AC467A000CB5FA5 /* TransformComponent.cpp in Sources */,
				0CA778F21AC3E9EE00CB5FA5 /* ActorFactory.cpp in Sources */,
				0C8C24E51ABC715900C77AAF /* SpriteNode.cpp in Sources */,
				0C68A7AE1ACA669E0087A197 /* MemoryManager.cpp in Sources */,
				0C1D9E0A1AE9AFF50085251F /* BasicShare.cpp in Sources */,
				0CB3E89A1AD3BF6700F75732 /* ViewNode.cpp in Sources */,
				0C322CF41ADBFAE6000C857F /* Camera.cpp in Sources */,
				0CCC4C881ACFD19800CA2203 /* AdsStub.cpp in Sources */,
				0C3F260E1ABD078F002DCB5A /* TextureAtlas.cpp in Sources */,
				0CFB10411AC3216F000217A8 /* View2DFactory.cpp in Sources */,
				0C8C24F61ABC994200C77AAF /* ResourceCache.cpp in Sources */,
				0C2F3F981AC72B3200D66B2C /* PhysicsManager.cpp in Sources */,
				0C0077941AF0B6A60019CC10 /* SerializeStub.cpp in Sources */,
				0C322CFD1ADBFCE3000C857F /* Log.cpp in Sources */,
				0CA779091AC46C0700CB5FA5 /* ViewComponent.cpp in Sources */,
				0C7951681AB85EF80010DA81 /* ProcessScheduler.cpp in Sources */,
				0CA778FF1AC4200A00CB5FA5 /* ActorComponent.cpp in Sources */,
				0C3F26161ABD1ACD002DCB5A /* TextureAtlasFactory.cpp in Sources */,
				0C79516E1AB85EF80010DA81 /* State.cpp in Sources */,
			);
			runOnlyForDeploymentPostprocessing = 0;
		};
		0C27584D1AB40DEF00F18283 /* Sources */ = {
			isa = PBXSourcesBuildPhase;
			buildActionMask = 2147483647;
			files = (
			);
			runOnlyForDeploymentPostprocessing = 0;
		};
/* End PBXSourcesBuildPhase section */

/* Begin PBXTargetDependency section */
		0C2758541AB40DEF00F18283 /* PBXTargetDependency */ = {
			isa = PBXTargetDependency;
			target = 0C2758451AB40DEE00F18283 /* FEngine */;
			targetProxy = 0C2758531AB40DEF00F18283 /* PBXContainerItemProxy */;
		};
		0C2759FB1AB4122E00F18283 /* PBXTargetDependency */ = {
			isa = PBXTargetDependency;
			name = png;
			targetProxy = 0C2759FA1AB4122E00F18283 /* PBXContainerItemProxy */;
		};
		0C2759FD1AB4123100F18283 /* PBXTargetDependency */ = {
			isa = PBXTargetDependency;
			name = vorbis;
			targetProxy = 0C2759FC1AB4123100F18283 /* PBXContainerItemProxy */;
		};
		0C2759FF1AB4123400F18283 /* PBXTargetDependency */ = {
			isa = PBXTargetDependency;
			name = tinyxml2;
			targetProxy = 0C2759FE1AB4123400F18283 /* PBXContainerItemProxy */;
		};
		0C275A461AB4128500F18283 /* PBXTargetDependency */ = {
			isa = PBXTargetDependency;
			name = PennerEasing;
			targetProxy = 0C275A451AB4128500F18283 /* PBXContainerItemProxy */;
		};
		0C2F3F841AC70B9500D66B2C /* PBXTargetDependency */ = {
			isa = PBXTargetDependency;
			name = Box2D;
			targetProxy = 0C2F3F831AC70B9500D66B2C /* PBXContainerItemProxy */;
		};
/* End PBXTargetDependency section */

/* Begin XCBuildConfiguration section */
		0C2758581AB40DEF00F18283 /* Debug */ = {
			isa = XCBuildConfiguration;
			buildSettings = {
				ALWAYS_SEARCH_USER_PATHS = NO;
				CLANG_CXX_LANGUAGE_STANDARD = "gnu++0x";
				CLANG_CXX_LIBRARY = "libc++";
				CLANG_ENABLE_MODULES = YES;
				CLANG_ENABLE_OBJC_ARC = YES;
				CLANG_WARN_BOOL_CONVERSION = YES;
				CLANG_WARN_CONSTANT_CONVERSION = YES;
				CLANG_WARN_DIRECT_OBJC_ISA_USAGE = YES_ERROR;
				CLANG_WARN_EMPTY_BODY = YES;
				CLANG_WARN_ENUM_CONVERSION = YES;
				CLANG_WARN_INT_CONVERSION = YES;
				CLANG_WARN_OBJC_ROOT_CLASS = YES_ERROR;
				CLANG_WARN_UNREACHABLE_CODE = YES;
				CLANG_WARN__DUPLICATE_METHOD_MATCH = YES;
				COPY_PHASE_STRIP = NO;
				ENABLE_STRICT_OBJC_MSGSEND = YES;
				GCC_C_LANGUAGE_STANDARD = gnu99;
				GCC_DYNAMIC_NO_PIC = NO;
				GCC_OPTIMIZATION_LEVEL = 0;
				GCC_PREPROCESSOR_DEFINITIONS = (
					"DEBUG=1",
					"$(inherited)",
				);
				GCC_SYMBOLS_PRIVATE_EXTERN = NO;
				GCC_WARN_64_TO_32_BIT_CONVERSION = YES;
				GCC_WARN_ABOUT_RETURN_TYPE = YES_ERROR;
				GCC_WARN_UNDECLARED_SELECTOR = YES;
				GCC_WARN_UNINITIALIZED_AUTOS = YES_AGGRESSIVE;
				GCC_WARN_UNUSED_FUNCTION = YES;
				GCC_WARN_UNUSED_VARIABLE = YES;
				IPHONEOS_DEPLOYMENT_TARGET = 8.1;
				MTL_ENABLE_DEBUG_INFO = YES;
				ONLY_ACTIVE_ARCH = YES;
				SDKROOT = iphoneos;
			};
			name = Debug;
		};
		0C2758591AB40DEF00F18283 /* Release */ = {
			isa = XCBuildConfiguration;
			buildSettings = {
				ALWAYS_SEARCH_USER_PATHS = NO;
				CLANG_CXX_LANGUAGE_STANDARD = "gnu++0x";
				CLANG_CXX_LIBRARY = "libc++";
				CLANG_ENABLE_MODULES = YES;
				CLANG_ENABLE_OBJC_ARC = YES;
				CLANG_WARN_BOOL_CONVERSION = YES;
				CLANG_WARN_CONSTANT_CONVERSION = YES;
				CLANG_WARN_DIRECT_OBJC_ISA_USAGE = YES_ERROR;
				CLANG_WARN_EMPTY_BODY = YES;
				CLANG_WARN_ENUM_CONVERSION = YES;
				CLANG_WARN_INT_CONVERSION = YES;
				CLANG_WARN_OBJC_ROOT_CLASS = YES_ERROR;
				CLANG_WARN_UNREACHABLE_CODE = YES;
				CLANG_WARN__DUPLICATE_METHOD_MATCH = YES;
				COPY_PHASE_STRIP = YES;
				ENABLE_NS_ASSERTIONS = NO;
				ENABLE_STRICT_OBJC_MSGSEND = YES;
				GCC_C_LANGUAGE_STANDARD = gnu99;
				GCC_WARN_64_TO_32_BIT_CONVERSION = YES;
				GCC_WARN_ABOUT_RETURN_TYPE = YES_ERROR;
				GCC_WARN_UNDECLARED_SELECTOR = YES;
				GCC_WARN_UNINITIALIZED_AUTOS = YES_AGGRESSIVE;
				GCC_WARN_UNUSED_FUNCTION = YES;
				GCC_WARN_UNUSED_VARIABLE = YES;
				IPHONEOS_DEPLOYMENT_TARGET = 8.1;
				MTL_ENABLE_DEBUG_INFO = NO;
				SDKROOT = iphoneos;
				VALIDATE_PRODUCT = YES;
			};
			name = Release;
		};
		0C27585B1AB40DEF00F18283 /* Debug */ = {
			isa = XCBuildConfiguration;
			buildSettings = {
				FRAMEWORK_SEARCH_PATHS = (
					"$(inherited)",
					/Users/fakhir/MyData/Work/ZombieTreat/Source/GameEngine/3rdParty/Monetize/Chartboost,
					/Users/fakhir/MyData/Work/ZombieTreat/Source/GameEngine/3rdParty/Monetize/Chartboost/iOS,
					/Users/fakhir/Documents/FacebookSDK,
				);
				HEADER_SEARCH_PATHS = (
					"$(inherited)",
					/Applications/Development/Xcode.app/Contents/Developer/Toolchains/XcodeDefault.xctoolchain/usr/include,
					"../../3rdParty/glm-0.9.6.3",
					../../3rdParty/FastDelegate,
					"../../3rdParty/tinyxml2-master",
					../../3rdParty/boost_1_56_0,
					"../../3rdParty/libpng-1.6.15",
					../../../,
					../../3rdParty/Box2D_v2.3.0/Box2D,
					"../../3rdParty/libvorbis-1.3.4/include",
					"../../3rdParty/libogg-1.3.2/include",
				);
				OTHER_LDFLAGS = "-ObjC";
				PRODUCT_NAME = "$(TARGET_NAME)";
				SKIP_INSTALL = YES;
			};
			name = Debug;
		};
		0C27585C1AB40DEF00F18283 /* Release */ = {
			isa = XCBuildConfiguration;
			buildSettings = {
				FRAMEWORK_SEARCH_PATHS = (
					"$(inherited)",
					/Users/fakhir/MyData/Work/ZombieTreat/Source/GameEngine/3rdParty/Monetize/Chartboost,
					/Users/fakhir/MyData/Work/ZombieTreat/Source/GameEngine/3rdParty/Monetize/Chartboost/iOS,
					/Users/fakhir/Documents/FacebookSDK,
				);
				HEADER_SEARCH_PATHS = (
					"$(inherited)",
					/Applications/Development/Xcode.app/Contents/Developer/Toolchains/XcodeDefault.xctoolchain/usr/include,
					"../../3rdParty/glm-0.9.6.3",
					../../3rdParty/FastDelegate,
					"../../3rdParty/tinyxml2-master",
					../../3rdParty/boost_1_56_0,
					"../../3rdParty/libpng-1.6.15",
					../../../,
					../../3rdParty/Box2D_v2.3.0/Box2D,
					"../../3rdParty/libvorbis-1.3.4/include",
					"../../3rdParty/libogg-1.3.2/include",
				);
				OTHER_LDFLAGS = "-ObjC";
				PRODUCT_NAME = "$(TARGET_NAME)";
				SKIP_INSTALL = YES;
			};
			name = Release;
		};
		0C27585E1AB40DEF00F18283 /* Debug */ = {
			isa = XCBuildConfiguration;
			buildSettings = {
				FRAMEWORK_SEARCH_PATHS = (
					"$(SDKROOT)/Developer/Library/Frameworks",
					"$(inherited)",
				);
				GCC_PREPROCESSOR_DEFINITIONS = (
					"DEBUG=1",
					"$(inherited)",
				);
				INFOPLIST_FILE = FEngineTests/Info.plist;
				LD_RUNPATH_SEARCH_PATHS = "$(inherited) @executable_path/Frameworks @loader_path/Frameworks";
				PRODUCT_NAME = "$(TARGET_NAME)";
			};
			name = Debug;
		};
		0C27585F1AB40DEF00F18283 /* Release */ = {
			isa = XCBuildConfiguration;
			buildSettings = {
				FRAMEWORK_SEARCH_PATHS = (
					"$(SDKROOT)/Developer/Library/Frameworks",
					"$(inherited)",
				);
				INFOPLIST_FILE = FEngineTests/Info.plist;
				LD_RUNPATH_SEARCH_PATHS = "$(inherited) @executable_path/Frameworks @loader_path/Frameworks";
				PRODUCT_NAME = "$(TARGET_NAME)";
			};
			name = Release;
		};
/* End XCBuildConfiguration section */

/* Begin XCConfigurationList section */
		0C2758411AB40DEE00F18283 /* Build configuration list for PBXProject "FEngine" */ = {
			isa = XCConfigurationList;
			buildConfigurations = (
				0C2758581AB40DEF00F18283 /* Debug */,
				0C2758591AB40DEF00F18283 /* Release */,
			);
			defaultConfigurationIsVisible = 0;
			defaultConfigurationName = Release;
		};
		0C27585A1AB40DEF00F18283 /* Build configuration list for PBXNativeTarget "FEngine" */ = {
			isa = XCConfigurationList;
			buildConfigurations = (
				0C27585B1AB40DEF00F18283 /* Debug */,
				0C27585C1AB40DEF00F18283 /* Release */,
			);
			defaultConfigurationIsVisible = 0;
			defaultConfigurationName = Release;
		};
		0C27585D1AB40DEF00F18283 /* Build configuration list for PBXNativeTarget "FEngineTests" */ = {
			isa = XCConfigurationList;
			buildConfigurations = (
				0C27585E1AB40DEF00F18283 /* Debug */,
				0C27585F1AB40DEF00F18283 /* Release */,
			);
			defaultConfigurationIsVisible = 0;
			defaultConfigurationName = Release;
		};
/* End XCConfigurationList section */
	};
	rootObject = 0C27583E1AB40DEE00F18283 /* Project object */;
}
