// !$*UTF8*$!
{
	archiveVersion = 1;
	classes = {
	};
	objectVersion = 46;
	objects = {

/* Begin PBXBuildFile section */
		0C19AECE1AB375920078C394 /* SmartPtr.cpp in Sources */ = {isa = PBXBuildFile; fileRef = 0C19AECC1AB375920078C394 /* SmartPtr.cpp */; };
		0C19AECF1AB375920078C394 /* SmartPtr.h in Headers */ = {isa = PBXBuildFile; fileRef = 0C19AECD1AB375920078C394 /* SmartPtr.h */; };
		0C19B0191AB383AA0078C394 /* libpng.a in Frameworks */ = {isa = PBXBuildFile; fileRef = 0C19AEEE1AB37F580078C394 /* libpng.a */; };
		0C19B01A1AB383AE0078C394 /* libvorbis.a in Frameworks */ = {isa = PBXBuildFile; fileRef = 0C19AF5D1AB380740078C394 /* libvorbis.a */; };
		0C19B07C1AB3850B0078C394 /* libtinyxml2.a in Frameworks */ = {isa = PBXBuildFile; fileRef = 0C19B05D1AB384980078C394 /* libtinyxml2.a */; };
		0C19B07D1AB3850D0078C394 /* libPennerEasing.a in Frameworks */ = {isa = PBXBuildFile; fileRef = 0C19B0301AB384420078C394 /* libPennerEasing.a */; };
/* End PBXBuildFile section */

/* Begin PBXContainerItemProxy section */
		0C19AEED1AB37F580078C394 /* PBXContainerItemProxy */ = {
			isa = PBXContainerItemProxy;
			containerPortal = 0C19AEE91AB37F570078C394 /* png.xcodeproj */;
			proxyType = 2;
			remoteGlobalIDString = 0C19AEE21AB37F570078C394;
			remoteInfo = png;
		};
		0C19AF5C1AB380740078C394 /* PBXContainerItemProxy */ = {
			isa = PBXContainerItemProxy;
			containerPortal = 0C19AF581AB380730078C394 /* vorbis.xcodeproj */;
			proxyType = 2;
			remoteGlobalIDString = 0C19AF511AB380730078C394;
			remoteInfo = vorbis;
		};
		0C19B0151AB383A00078C394 /* PBXContainerItemProxy */ = {
			isa = PBXContainerItemProxy;
			containerPortal = 0C19AEE91AB37F570078C394 /* png.xcodeproj */;
			proxyType = 1;
			remoteGlobalIDString = 0C19AEE11AB37F570078C394;
			remoteInfo = png;
		};
		0C19B0171AB383A30078C394 /* PBXContainerItemProxy */ = {
			isa = PBXContainerItemProxy;
			containerPortal = 0C19AF581AB380730078C394 /* vorbis.xcodeproj */;
			proxyType = 1;
			remoteGlobalIDString = 0C19AF501AB380730078C394;
			remoteInfo = vorbis;
		};
		0C19B02F1AB384420078C394 /* PBXContainerItemProxy */ = {
			isa = PBXContainerItemProxy;
			containerPortal = 0C19B02B1AB384410078C394 /* PennerEasing.xcodeproj */;
			proxyType = 2;
			remoteGlobalIDString = 0C19B0241AB384410078C394;
			remoteInfo = PennerEasing;
		};
		0C19B05C1AB384980078C394 /* PBXContainerItemProxy */ = {
			isa = PBXContainerItemProxy;
			containerPortal = 0C19B0581AB384970078C394 /* tinyxml2.xcodeproj */;
			proxyType = 2;
			remoteGlobalIDString = 0C19B0511AB384970078C394;
			remoteInfo = tinyxml2;
		};
		0C19B0781AB385060078C394 /* PBXContainerItemProxy */ = {
			isa = PBXContainerItemProxy;
			containerPortal = 0C19B02B1AB384410078C394 /* PennerEasing.xcodeproj */;
			proxyType = 1;
			remoteGlobalIDString = 0C19B0231AB384410078C394;
			remoteInfo = PennerEasing;
		};
		0C19B07A1AB385080078C394 /* PBXContainerItemProxy */ = {
			isa = PBXContainerItemProxy;
			containerPortal = 0C19B0581AB384970078C394 /* tinyxml2.xcodeproj */;
			proxyType = 1;
			remoteGlobalIDString = 0C19B0501AB384970078C394;
			remoteInfo = tinyxml2;
		};
/* End PBXContainerItemProxy section */

/* Begin PBXFileReference section */
		0C19AEC21AB3729F0078C394 /* libFEngine.a */ = {isa = PBXFileReference; explicitFileType = archive.ar; includeInIndex = 0; path = libFEngine.a; sourceTree = BUILT_PRODUCTS_DIR; };
		0C19AECC1AB375920078C394 /* SmartPtr.cpp */ = {isa = PBXFileReference; fileEncoding = 4; lastKnownFileType = sourcecode.cpp.cpp; name = SmartPtr.cpp; path = ../../../FEngine/Utility/SmartPtr.cpp; sourceTree = "<group>"; };
		0C19AECD1AB375920078C394 /* SmartPtr.h */ = {isa = PBXFileReference; fileEncoding = 4; lastKnownFileType = sourcecode.c.h; name = SmartPtr.h; path = ../../../FEngine/Utility/SmartPtr.h; sourceTree = "<group>"; };
		0C19AEE91AB37F570078C394 /* png.xcodeproj */ = {isa = PBXFileReference; lastKnownFileType = "wrapper.pb-project"; name = png.xcodeproj; path = 3rdParty/png/png.xcodeproj; sourceTree = "<group>"; };
		0C19AF581AB380730078C394 /* vorbis.xcodeproj */ = {isa = PBXFileReference; lastKnownFileType = "wrapper.pb-project"; name = vorbis.xcodeproj; path = 3rdParty/vorbis/vorbis.xcodeproj; sourceTree = "<group>"; };
		0C19B02B1AB384410078C394 /* PennerEasing.xcodeproj */ = {isa = PBXFileReference; lastKnownFileType = "wrapper.pb-project"; name = PennerEasing.xcodeproj; path = 3rdParty/PennerEasing/PennerEasing.xcodeproj; sourceTree = "<group>"; };
		0C19B0581AB384970078C394 /* tinyxml2.xcodeproj */ = {isa = PBXFileReference; lastKnownFileType = "wrapper.pb-project"; name = tinyxml2.xcodeproj; path = 3rdParty/tinyxml2/tinyxml2.xcodeproj; sourceTree = "<group>"; };
/* End PBXFileReference section */

/* Begin PBXFrameworksBuildPhase section */
		0C19AEBF1AB3729F0078C394 /* Frameworks */ = {
			isa = PBXFrameworksBuildPhase;
			buildActionMask = 2147483647;
			files = (
				0C19B07D1AB3850D0078C394 /* libPennerEasing.a in Frameworks */,
				0C19B07C1AB3850B0078C394 /* libtinyxml2.a in Frameworks */,
				0C19B01A1AB383AE0078C394 /* libvorbis.a in Frameworks */,
				0C19B0191AB383AA0078C394 /* libpng.a in Frameworks */,
			);
			runOnlyForDeploymentPostprocessing = 0;
		};
/* End PBXFrameworksBuildPhase section */

/* Begin PBXGroup section */
		0C19AEB91AB3729F0078C394 = {
			isa = PBXGroup;
			children = (
				0C19AEC91AB373FA0078C394 /* 3rdParty */,
				0C19AECA1AB374030078C394 /* FEngine */,
				0C19AEC31AB3729F0078C394 /* Products */,
			);
			sourceTree = "<group>";
		};
		0C19AEC31AB3729F0078C394 /* Products */ = {
			isa = PBXGroup;
			children = (
				0C19AEC21AB3729F0078C394 /* libFEngine.a */,
			);
			name = Products;
			sourceTree = "<group>";
		};
		0C19AEC91AB373FA0078C394 /* 3rdParty */ = {
			isa = PBXGroup;
			children = (
				0C19AEE91AB37F570078C394 /* png.xcodeproj */,
				0C19AF581AB380730078C394 /* vorbis.xcodeproj */,
				0C19B02B1AB384410078C394 /* PennerEasing.xcodeproj */,
				0C19B0581AB384970078C394 /* tinyxml2.xcodeproj */,
			);
			name = 3rdParty;
			sourceTree = "<group>";
		};
		0C19AECA1AB374030078C394 /* FEngine */ = {
			isa = PBXGroup;
			children = (
				0C19AECB1AB375660078C394 /* Utility */,
			);
			name = FEngine;
			sourceTree = "<group>";
		};
		0C19AECB1AB375660078C394 /* Utility */ = {
			isa = PBXGroup;
			children = (
				0C19AECC1AB375920078C394 /* SmartPtr.cpp */,
				0C19AECD1AB375920078C394 /* SmartPtr.h */,
			);
			name = Utility;
			sourceTree = "<group>";
		};
		0C19AEEA1AB37F570078C394 /* Products */ = {
			isa = PBXGroup;
			children = (
				0C19AEEE1AB37F580078C394 /* libpng.a */,
			);
			name = Products;
			sourceTree = "<group>";
		};
		0C19AF591AB380730078C394 /* Products */ = {
			isa = PBXGroup;
			children = (
				0C19AF5D1AB380740078C394 /* libvorbis.a */,
			);
			name = Products;
			sourceTree = "<group>";
		};
		0C19B02C1AB384410078C394 /* Products */ = {
			isa = PBXGroup;
			children = (
				0C19B0301AB384420078C394 /* libPennerEasing.a */,
			);
			name = Products;
			sourceTree = "<group>";
		};
		0C19B0591AB384970078C394 /* Products */ = {
			isa = PBXGroup;
			children = (
				0C19B05D1AB384980078C394 /* libtinyxml2.a */,
			);
			name = Products;
			sourceTree = "<group>";
		};
/* End PBXGroup section */

/* Begin PBXHeadersBuildPhase section */
		0C19AEC01AB3729F0078C394 /* Headers */ = {
			isa = PBXHeadersBuildPhase;
			buildActionMask = 2147483647;
			files = (
				0C19AECF1AB375920078C394 /* SmartPtr.h in Headers */,
			);
			runOnlyForDeploymentPostprocessing = 0;
		};
/* End PBXHeadersBuildPhase section */

/* Begin PBXNativeTarget section */
		0C19AEC11AB3729F0078C394 /* FEngine */ = {
			isa = PBXNativeTarget;
			buildConfigurationList = 0C19AEC61AB3729F0078C394 /* Build configuration list for PBXNativeTarget "FEngine" */;
			buildPhases = (
				0C19AEBE1AB3729F0078C394 /* Sources */,
				0C19AEBF1AB3729F0078C394 /* Frameworks */,
				0C19AEC01AB3729F0078C394 /* Headers */,
			);
			buildRules = (
			);
			dependencies = (
				0C19B07B1AB385080078C394 /* PBXTargetDependency */,
				0C19B0791AB385060078C394 /* PBXTargetDependency */,
				0C19B0181AB383A30078C394 /* PBXTargetDependency */,
				0C19B0161AB383A00078C394 /* PBXTargetDependency */,
			);
			name = FEngine;
			productName = FEngine;
			productReference = 0C19AEC21AB3729F0078C394 /* libFEngine.a */;
			productType = "com.apple.product-type.library.static";
		};
/* End PBXNativeTarget section */

/* Begin PBXProject section */
		0C19AEBA1AB3729F0078C394 /* Project object */ = {
			isa = PBXProject;
			attributes = {
				LastUpgradeCheck = 0610;
				ORGANIZATIONNAME = "Fakhir Shaheen";
				TargetAttributes = {
					0C19AEC11AB3729F0078C394 = {
						CreatedOnToolsVersion = 6.1.1;
					};
				};
			};
			buildConfigurationList = 0C19AEBD1AB3729F0078C394 /* Build configuration list for PBXProject "FEngine" */;
			compatibilityVersion = "Xcode 3.2";
			developmentRegion = English;
			hasScannedForEncodings = 0;
			knownRegions = (
				en,
			);
			mainGroup = 0C19AEB91AB3729F0078C394;
			productRefGroup = 0C19AEC31AB3729F0078C394 /* Products */;
			projectDirPath = "";
			projectReferences = (
				{
					ProductGroup = 0C19B02C1AB384410078C394 /* Products */;
					ProjectRef = 0C19B02B1AB384410078C394 /* PennerEasing.xcodeproj */;
				},
				{
					ProductGroup = 0C19AEEA1AB37F570078C394 /* Products */;
					ProjectRef = 0C19AEE91AB37F570078C394 /* png.xcodeproj */;
				},
				{
					ProductGroup = 0C19B0591AB384970078C394 /* Products */;
					ProjectRef = 0C19B0581AB384970078C394 /* tinyxml2.xcodeproj */;
				},
				{
					ProductGroup = 0C19AF591AB380730078C394 /* Products */;
					ProjectRef = 0C19AF581AB380730078C394 /* vorbis.xcodeproj */;
				},
			);
			projectRoot = "";
			targets = (
				0C19AEC11AB3729F0078C394 /* FEngine */,
			);
		};
/* End PBXProject section */

/* Begin PBXReferenceProxy section */
		0C19AEEE1AB37F580078C394 /* libpng.a */ = {
			isa = PBXReferenceProxy;
			fileType = archive.ar;
			path = libpng.a;
			remoteRef = 0C19AEED1AB37F580078C394 /* PBXContainerItemProxy */;
			sourceTree = BUILT_PRODUCTS_DIR;
		};
		0C19AF5D1AB380740078C394 /* libvorbis.a */ = {
			isa = PBXReferenceProxy;
			fileType = archive.ar;
			path = libvorbis.a;
			remoteRef = 0C19AF5C1AB380740078C394 /* PBXContainerItemProxy */;
			sourceTree = BUILT_PRODUCTS_DIR;
		};
		0C19B0301AB384420078C394 /* libPennerEasing.a */ = {
			isa = PBXReferenceProxy;
			fileType = archive.ar;
			path = libPennerEasing.a;
			remoteRef = 0C19B02F1AB384420078C394 /* PBXContainerItemProxy */;
			sourceTree = BUILT_PRODUCTS_DIR;
		};
		0C19B05D1AB384980078C394 /* libtinyxml2.a */ = {
			isa = PBXReferenceProxy;
			fileType = archive.ar;
			path = libtinyxml2.a;
			remoteRef = 0C19B05C1AB384980078C394 /* PBXContainerItemProxy */;
			sourceTree = BUILT_PRODUCTS_DIR;
		};
/* End PBXReferenceProxy section */

/* Begin PBXSourcesBuildPhase section */
		0C19AEBE1AB3729F0078C394 /* Sources */ = {
			isa = PBXSourcesBuildPhase;
			buildActionMask = 2147483647;
			files = (
				0C19AECE1AB375920078C394 /* SmartPtr.cpp in Sources */,
			);
			runOnlyForDeploymentPostprocessing = 0;
		};
/* End PBXSourcesBuildPhase section */

/* Begin PBXTargetDependency section */
		0C19B0161AB383A00078C394 /* PBXTargetDependency */ = {
			isa = PBXTargetDependency;
			name = png;
			targetProxy = 0C19B0151AB383A00078C394 /* PBXContainerItemProxy */;
		};
		0C19B0181AB383A30078C394 /* PBXTargetDependency */ = {
			isa = PBXTargetDependency;
			name = vorbis;
			targetProxy = 0C19B0171AB383A30078C394 /* PBXContainerItemProxy */;
		};
		0C19B0791AB385060078C394 /* PBXTargetDependency */ = {
			isa = PBXTargetDependency;
			name = PennerEasing;
			targetProxy = 0C19B0781AB385060078C394 /* PBXContainerItemProxy */;
		};
		0C19B07B1AB385080078C394 /* PBXTargetDependency */ = {
			isa = PBXTargetDependency;
			name = tinyxml2;
			targetProxy = 0C19B07A1AB385080078C394 /* PBXContainerItemProxy */;
		};
/* End PBXTargetDependency section */

/* Begin XCBuildConfiguration section */
		0C19AEC41AB3729F0078C394 /* Debug */ = {
			isa = XCBuildConfiguration;
			buildSettings = {
				ALWAYS_SEARCH_USER_PATHS = NO;
				CLANG_CXX_LANGUAGE_STANDARD = "gnu++0x";
				CLANG_CXX_LIBRARY = "libc++";
				CLANG_ENABLE_MODULES = YES;
				CLANG_ENABLE_OBJC_ARC = YES;
				CLANG_WARN_BOOL_CONVERSION = YES;
				CLANG_WARN_CONSTANT_CONVERSION = YES;
				CLANG_WARN_DIRECT_OBJC_ISA_USAGE = YES_ERROR;
				CLANG_WARN_EMPTY_BODY = YES;
				CLANG_WARN_ENUM_CONVERSION = YES;
				CLANG_WARN_INT_CONVERSION = YES;
				CLANG_WARN_OBJC_ROOT_CLASS = YES_ERROR;
				CLANG_WARN_UNREACHABLE_CODE = YES;
				CLANG_WARN__DUPLICATE_METHOD_MATCH = YES;
				COPY_PHASE_STRIP = NO;
				ENABLE_STRICT_OBJC_MSGSEND = YES;
				GCC_C_LANGUAGE_STANDARD = gnu99;
				GCC_DYNAMIC_NO_PIC = NO;
				GCC_OPTIMIZATION_LEVEL = 0;
				GCC_PREPROCESSOR_DEFINITIONS = (
					"DEBUG=1",
					"$(inherited)",
				);
				GCC_SYMBOLS_PRIVATE_EXTERN = NO;
				GCC_WARN_64_TO_32_BIT_CONVERSION = YES;
				GCC_WARN_ABOUT_RETURN_TYPE = YES_ERROR;
				GCC_WARN_UNDECLARED_SELECTOR = YES;
				GCC_WARN_UNINITIALIZED_AUTOS = YES_AGGRESSIVE;
				GCC_WARN_UNUSED_FUNCTION = YES;
				GCC_WARN_UNUSED_VARIABLE = YES;
				MACOSX_DEPLOYMENT_TARGET = 10.10;
				MTL_ENABLE_DEBUG_INFO = YES;
				ONLY_ACTIVE_ARCH = YES;
				SDKROOT = macosx;
			};
			name = Debug;
		};
		0C19AEC51AB3729F0078C394 /* Release */ = {
			isa = XCBuildConfiguration;
			buildSettings = {
				ALWAYS_SEARCH_USER_PATHS = NO;
				CLANG_CXX_LANGUAGE_STANDARD = "gnu++0x";
				CLANG_CXX_LIBRARY = "libc++";
				CLANG_ENABLE_MODULES = YES;
				CLANG_ENABLE_OBJC_ARC = YES;
				CLANG_WARN_BOOL_CONVERSION = YES;
				CLANG_WARN_CONSTANT_CONVERSION = YES;
				CLANG_WARN_DIRECT_OBJC_ISA_USAGE = YES_ERROR;
				CLANG_WARN_EMPTY_BODY = YES;
				CLANG_WARN_ENUM_CONVERSION = YES;
				CLANG_WARN_INT_CONVERSION = YES;
				CLANG_WARN_OBJC_ROOT_CLASS = YES_ERROR;
				CLANG_WARN_UNREACHABLE_CODE = YES;
				CLANG_WARN__DUPLICATE_METHOD_MATCH = YES;
				COPY_PHASE_STRIP = YES;
				DEBUG_INFORMATION_FORMAT = "dwarf-with-dsym";
				ENABLE_NS_ASSERTIONS = NO;
				ENABLE_STRICT_OBJC_MSGSEND = YES;
				GCC_C_LANGUAGE_STANDARD = gnu99;
				GCC_WARN_64_TO_32_BIT_CONVERSION = YES;
				GCC_WARN_ABOUT_RETURN_TYPE = YES_ERROR;
				GCC_WARN_UNDECLARED_SELECTOR = YES;
				GCC_WARN_UNINITIALIZED_AUTOS = YES_AGGRESSIVE;
				GCC_WARN_UNUSED_FUNCTION = YES;
				GCC_WARN_UNUSED_VARIABLE = YES;
				MACOSX_DEPLOYMENT_TARGET = 10.10;
				MTL_ENABLE_DEBUG_INFO = NO;
				SDKROOT = macosx;
			};
			name = Release;
		};
		0C19AEC71AB3729F0078C394 /* Debug */ = {
			isa = XCBuildConfiguration;
			buildSettings = {
				EXECUTABLE_PREFIX = lib;
				PRODUCT_NAME = "$(TARGET_NAME)";
			};
			name = Debug;
		};
		0C19AEC81AB3729F0078C394 /* Release */ = {
			isa = XCBuildConfiguration;
			buildSettings = {
				EXECUTABLE_PREFIX = lib;
				PRODUCT_NAME = "$(TARGET_NAME)";
			};
			name = Release;
		};
/* End XCBuildConfiguration section */

/* Begin XCConfigurationList section */
		0C19AEBD1AB3729F0078C394 /* Build configuration list for PBXProject "FEngine" */ = {
			isa = XCConfigurationList;
			buildConfigurations = (
				0C19AEC41AB3729F0078C394 /* Debug */,
				0C19AEC51AB3729F0078C394 /* Release */,
			);
			defaultConfigurationIsVisible = 0;
			defaultConfigurationName = Release;
		};
		0C19AEC61AB3729F0078C394 /* Build configuration list for PBXNativeTarget "FEngine" */ = {
			isa = XCConfigurationList;
			buildConfigurations = (
				0C19AEC71AB3729F0078C394 /* Debug */,
				0C19AEC81AB3729F0078C394 /* Release */,
			);
			defaultConfigurationIsVisible = 0;
			defaultConfigurationName = Release;
		};
/* End XCConfigurationList section */
	};
	rootObject = 0C19AEBA1AB3729F0078C394 /* Project object */;
}
